// !$*UTF8*$!
{
	archiveVersion = 1;
	classes = {
	};
	objectVersion = 77;
	objects = {

/* Begin PBXBuildFile section */
		098C97672DEFD7FC004388D6 /* PostRegisterRequestDTO.swift in Sources */ = {isa = PBXBuildFile; fileRef = 098C97662DEFD7FC004388D6 /* PostRegisterRequestDTO.swift */; };
		098C97692DEFD806004388D6 /* PostNewFriendsRequestDTO.swift in Sources */ = {isa = PBXBuildFile; fileRef = 098C97682DEFD806004388D6 /* PostNewFriendsRequestDTO.swift */; };
		098C976B2DEFD926004388D6 /* FetchMyprofileResponseDTO.swift in Sources */ = {isa = PBXBuildFile; fileRef = 098C976A2DEFD926004388D6 /* FetchMyprofileResponseDTO.swift */; };
		098C976D2DEFD933004388D6 /* PostRegisterResponseDTO.swift in Sources */ = {isa = PBXBuildFile; fileRef = 098C976C2DEFD933004388D6 /* PostRegisterResponseDTO.swift */; };
		098C976F2DEFD93B004388D6 /* FetchFriendsProfileResponseDTO.swift in Sources */ = {isa = PBXBuildFile; fileRef = 098C976E2DEFD93B004388D6 /* FetchFriendsProfileResponseDTO.swift */; };
		098C97712DEFD947004388D6 /* FetchMyFriendsListResponseDTO.swift in Sources */ = {isa = PBXBuildFile; fileRef = 098C97702DEFD947004388D6 /* FetchMyFriendsListResponseDTO.swift */; };
		098C97732DEFD951004388D6 /* PostNewFriendsResponseDTO.swift in Sources */ = {isa = PBXBuildFile; fileRef = 098C97722DEFD951004388D6 /* PostNewFriendsResponseDTO.swift */; };
		099AD8662DEBD24500CC9717 /* AppDelegate.swift in Sources */ = {isa = PBXBuildFile; fileRef = 099AD8652DEBD23E00CC9717 /* AppDelegate.swift */; };
		099AD86F2DEBEEDC00CC9717 /* RegisterSubViews.swift in Sources */ = {isa = PBXBuildFile; fileRef = 099AD86A2DEBEEDC00CC9717 /* RegisterSubViews.swift */; };
		099AD8702DEBEEDC00CC9717 /* RegisterView.swift in Sources */ = {isa = PBXBuildFile; fileRef = 099AD8672DEBEEDC00CC9717 /* RegisterView.swift */; };
		099AD8712DEBEEDC00CC9717 /* RegisterModel.swift in Sources */ = {isa = PBXBuildFile; fileRef = 099AD8682DEBEEDC00CC9717 /* RegisterModel.swift */; };
		099AD8722DEBEEDC00CC9717 /* RegisterViewModel.swift in Sources */ = {isa = PBXBuildFile; fileRef = 099AD86C2DEBEEDC00CC9717 /* RegisterViewModel.swift */; };
		09F425162DEBC2B500850CDB /* PostStartFeedbackRequsetDTO.swift in Sources */ = {isa = PBXBuildFile; fileRef = 09F425152DEBC2B500850CDB /* PostStartFeedbackRequsetDTO.swift */; };
		09F425192DEBC2BA00850CDB /* FetchSendFeedbackResponseDTO.swift in Sources */ = {isa = PBXBuildFile; fileRef = 09F425172DEBC2BA00850CDB /* FetchSendFeedbackResponseDTO.swift */; };
		09F4251A2DEBC2BA00850CDB /* PostStartFeedbackResponseDTO.swift in Sources */ = {isa = PBXBuildFile; fileRef = 09F425182DEBC2BA00850CDB /* PostStartFeedbackResponseDTO.swift */; };
		09F4251E2DEBC2C400850CDB /* PatchNoteTitleRequestDTO.swift in Sources */ = {isa = PBXBuildFile; fileRef = 09F4251D2DEBC2C400850CDB /* PatchNoteTitleRequestDTO.swift */; };
		09F4251F2DEBC2C400850CDB /* DeleteFeedbackNoteRequestDTO.swift in Sources */ = {isa = PBXBuildFile; fileRef = 09F4251B2DEBC2C400850CDB /* DeleteFeedbackNoteRequestDTO.swift */; };
		09F425202DEBC2C400850CDB /* PatchNoteFavoriteRequestDTO.swift in Sources */ = {isa = PBXBuildFile; fileRef = 09F4251C2DEBC2C400850CDB /* PatchNoteFavoriteRequestDTO.swift */; };
		09F425252DEBC2CB00850CDB /* PatchFeedbackNoteTitleResponseDTO.swift in Sources */ = {isa = PBXBuildFile; fileRef = 09F425242DEBC2CB00850CDB /* PatchFeedbackNoteTitleResponseDTO.swift */; };
		09F425262DEBC2CB00850CDB /* FetchFeedbackNotesResponseDTO.swift in Sources */ = {isa = PBXBuildFile; fileRef = 09F425222DEBC2CB00850CDB /* FetchFeedbackNotesResponseDTO.swift */; };
		09F425272DEBC2CB00850CDB /* DeleteFeedbackNoteResponseDTO.swift in Sources */ = {isa = PBXBuildFile; fileRef = 09F425212DEBC2CB00850CDB /* DeleteFeedbackNoteResponseDTO.swift */; };
		09F425282DEBC2CB00850CDB /* PatchFeedbackNoteFavoriteResponseDTO.swift in Sources */ = {isa = PBXBuildFile; fileRef = 09F425232DEBC2CB00850CDB /* PatchFeedbackNoteFavoriteResponseDTO.swift */; };
		09F4252A2DEBC2D000850CDB /* PostDeviceTokenRequestDTO.swift in Sources */ = {isa = PBXBuildFile; fileRef = 09F425292DEBC2D000850CDB /* PostDeviceTokenRequestDTO.swift */; };
		09F4252C2DEBC2D500850CDB /* PostDeviceTokenResponseDTO.swift in Sources */ = {isa = PBXBuildFile; fileRef = 09F4252B2DEBC2D500850CDB /* PostDeviceTokenResponseDTO.swift */; };
		09F425342DEBC34D00850CDB /* S3TargetType.swift in Sources */ = {isa = PBXBuildFile; fileRef = 09F425322DEBC34D00850CDB /* S3TargetType.swift */; };
		09F425352DEBC34D00850CDB /* FetchS3DownloadURLResposeDTO.swift in Sources */ = {isa = PBXBuildFile; fileRef = 09F4252E2DEBC34D00850CDB /* FetchS3DownloadURLResposeDTO.swift */; };
		09F425362DEBC34D00850CDB /* S3APIService.swift in Sources */ = {isa = PBXBuildFile; fileRef = 09F425312DEBC34D00850CDB /* S3APIService.swift */; };
		0F2E83002DF136820082B256 /* Lottie in Frameworks */ = {isa = PBXBuildFile; productRef = 0F2E82FF2DF136820082B256 /* Lottie */; };
		0F2E83022DF13AAC0082B256 /* CircleWaveOrange.json in Resources */ = {isa = PBXBuildFile; fileRef = 0F2E83012DF13AAC0082B256 /* CircleWaveOrange.json */; };
		0F2E83072DF1740E0082B256 /* CircleWaveBlue.json in Resources */ = {isa = PBXBuildFile; fileRef = 0F2E83062DF1740E0082B256 /* CircleWaveBlue.json */; };
		0FBD487D2DEC2C690042CFE1 /* Config.xcconfig in Resources */ = {isa = PBXBuildFile; fileRef = 0FBD487C2DEC2C690042CFE1 /* Config.xcconfig */; };
		3D2796162DED3283005D5A1B /* EKOToastMessage.swift in Sources */ = {isa = PBXBuildFile; fileRef = 3D2796152DED3283005D5A1B /* EKOToastMessage.swift */; };
		3D2796192DED36CC005D5A1B /* View+.swift in Sources */ = {isa = PBXBuildFile; fileRef = 3D2796182DED36CC005D5A1B /* View+.swift */; };
		3D27961B2DED9B13005D5A1B /* EKOToggleIndicator.swift in Sources */ = {isa = PBXBuildFile; fileRef = 3D27961A2DED9B13005D5A1B /* EKOToggleIndicator.swift */; };
		3D27961D2DEDA71B005D5A1B /* EKOButton.swift in Sources */ = {isa = PBXBuildFile; fileRef = 3D27961C2DEDA71B005D5A1B /* EKOButton.swift */; };
		3D27961F2DEDDB86005D5A1B /* EKOEmptyView.swift in Sources */ = {isa = PBXBuildFile; fileRef = 3D27961E2DEDDB86005D5A1B /* EKOEmptyView.swift */; };
		3D2796212DEDDD1D005D5A1B /* EKOFriendsView.swift in Sources */ = {isa = PBXBuildFile; fileRef = 3D2796202DEDDD1D005D5A1B /* EKOFriendsView.swift */; };
		3D2796232DEDE28A005D5A1B /* EKOTabSelector.swift in Sources */ = {isa = PBXBuildFile; fileRef = 3D2796222DEDE28A005D5A1B /* EKOTabSelector.swift */; };
		3D2796252DEDE815005D5A1B /* Text+.swift in Sources */ = {isa = PBXBuildFile; fileRef = 3D2796242DEDE815005D5A1B /* Text+.swift */; };
		3D2C9E292DE5E0A0009DAE77 /* Preview Assets.xcassets in Resources */ = {isa = PBXBuildFile; fileRef = 3D2C9E222DE5E0A0009DAE77 /* Preview Assets.xcassets */; };
		3D2C9E2A2DE5E0A0009DAE77 /* Assets.xcassets in Resources */ = {isa = PBXBuildFile; fileRef = 3D2C9E242DE5E0A0009DAE77 /* Assets.xcassets */; };
		3D2C9E2B2DE5E0A0009DAE77 /* ContentView.swift in Sources */ = {isa = PBXBuildFile; fileRef = 3D2C9E252DE5E0A0009DAE77 /* ContentView.swift */; };
		3D2C9E2C2DE5E0A0009DAE77 /* EKO_iOSApp.swift in Sources */ = {isa = PBXBuildFile; fileRef = 3D2C9E272DE5E0A0009DAE77 /* EKO_iOSApp.swift */; };
		3D2C9E342DE5E388009DAE77 /* Colors.xcassets in Resources */ = {isa = PBXBuildFile; fileRef = 3D2C9E332DE5E388009DAE77 /* Colors.xcassets */; };
		3D2C9E362DE5E39A009DAE77 /* Localizable.xcstrings in Resources */ = {isa = PBXBuildFile; fileRef = 3D2C9E352DE5E39A009DAE77 /* Localizable.xcstrings */; };
		3D2C9E382DE5F460009DAE77 /* Date+.swift in Sources */ = {isa = PBXBuildFile; fileRef = 3D2C9E372DE5F460009DAE77 /* Date+.swift */; };
		3D2C9ECC2DE5F665009DAE77 /* LearningNoteView.swift in Sources */ = {isa = PBXBuildFile; fileRef = 3D2C9ECB2DE5F665009DAE77 /* LearningNoteView.swift */; };
		3D2C9ECE2DE5F68A009DAE77 /* RecordingRequestView.swift in Sources */ = {isa = PBXBuildFile; fileRef = 3D2C9ECD2DE5F68A009DAE77 /* RecordingRequestView.swift */; };
		3D2C9ED02DE5F696009DAE77 /* RecordingResponseView.swift in Sources */ = {isa = PBXBuildFile; fileRef = 3D2C9ECF2DE5F696009DAE77 /* RecordingResponseView.swift */; };
		3D2C9ED22DE5F69E009DAE77 /* ProfileView.swift in Sources */ = {isa = PBXBuildFile; fileRef = 3D2C9ED12DE5F69E009DAE77 /* ProfileView.swift */; };
		3D2C9ED42DE5F6A6009DAE77 /* AddFriendView.swift in Sources */ = {isa = PBXBuildFile; fileRef = 3D2C9ED32DE5F6A6009DAE77 /* AddFriendView.swift */; };
		3D2C9ED62DE5F6E7009DAE77 /* RecordingRequestViewModel.swift in Sources */ = {isa = PBXBuildFile; fileRef = 3D2C9ED52DE5F6E7009DAE77 /* RecordingRequestViewModel.swift */; };
		3D2C9ED82DE5F6F7009DAE77 /* RecordingResponseViewModel.swift in Sources */ = {isa = PBXBuildFile; fileRef = 3D2C9ED72DE5F6F7009DAE77 /* RecordingResponseViewModel.swift */; };
		3D2C9EDA2DE5F739009DAE77 /* LearningNoteViewModel.swift in Sources */ = {isa = PBXBuildFile; fileRef = 3D2C9ED92DE5F739009DAE77 /* LearningNoteViewModel.swift */; };
		3D2C9EDC2DE5F743009DAE77 /* ProfileViewModel.swift in Sources */ = {isa = PBXBuildFile; fileRef = 3D2C9EDB2DE5F743009DAE77 /* ProfileViewModel.swift */; };
		3D2C9EDE2DE5F74E009DAE77 /* AddFriendViewModel.swift in Sources */ = {isa = PBXBuildFile; fileRef = 3D2C9EDD2DE5F74E009DAE77 /* AddFriendViewModel.swift */; };
		3D2C9EE32DE5F916009DAE77 /* RecordingRequestModel.swift in Sources */ = {isa = PBXBuildFile; fileRef = 3D2C9EE22DE5F916009DAE77 /* RecordingRequestModel.swift */; };
		3D2C9EE52DE5F926009DAE77 /* RecordingRequestSubView.swift in Sources */ = {isa = PBXBuildFile; fileRef = 3D2C9EE42DE5F926009DAE77 /* RecordingRequestSubView.swift */; };
		3D2C9EEA2DE5F96C009DAE77 /* RecordingResponseModel.swift in Sources */ = {isa = PBXBuildFile; fileRef = 3D2C9EE92DE5F96C009DAE77 /* RecordingResponseModel.swift */; };
		3D2C9EEC2DE5F988009DAE77 /* RecordingResponseSubView.swift in Sources */ = {isa = PBXBuildFile; fileRef = 3D2C9EEB2DE5F988009DAE77 /* RecordingResponseSubView.swift */; };
		3D2C9EF22DE5F9D8009DAE77 /* MainView.swift in Sources */ = {isa = PBXBuildFile; fileRef = 3D2C9EF12DE5F9D8009DAE77 /* MainView.swift */; };
		3D2C9EF42DE5FA08009DAE77 /* LearningNoteModel.swift in Sources */ = {isa = PBXBuildFile; fileRef = 3D2C9EF32DE5FA08009DAE77 /* LearningNoteModel.swift */; };
		3D2C9EF62DE5FA13009DAE77 /* LearningNoteSubViews.swift in Sources */ = {isa = PBXBuildFile; fileRef = 3D2C9EF52DE5FA13009DAE77 /* LearningNoteSubViews.swift */; };
		3D2C9EFB2DE5FA4B009DAE77 /* ProfileSubViews.swift in Sources */ = {isa = PBXBuildFile; fileRef = 3D2C9EFA2DE5FA4B009DAE77 /* ProfileSubViews.swift */; };
		3D2C9EFD2DE5FA53009DAE77 /* ProfileModel.swift in Sources */ = {isa = PBXBuildFile; fileRef = 3D2C9EFC2DE5FA53009DAE77 /* ProfileModel.swift */; };
		3D2C9F022DE5FA7F009DAE77 /* AddFriendSubViews.swift in Sources */ = {isa = PBXBuildFile; fileRef = 3D2C9F012DE5FA7F009DAE77 /* AddFriendSubViews.swift */; };
		3D2C9F042DE5FA85009DAE77 /* AddFriendModel.swift in Sources */ = {isa = PBXBuildFile; fileRef = 3D2C9F032DE5FA85009DAE77 /* AddFriendModel.swift */; };
		3D2C9F0A2DE60F75009DAE77 /* AppRoute.swift in Sources */ = {isa = PBXBuildFile; fileRef = 3D2C9F092DE60F75009DAE77 /* AppRoute.swift */; };
		3D2C9F0C2DE60FCE009DAE77 /* AppCoordinator.swift in Sources */ = {isa = PBXBuildFile; fileRef = 3D2C9F0B2DE60FCE009DAE77 /* AppCoordinator.swift */; };
		3D2C9F0E2DE61072009DAE77 /* RootNavigationView.swift in Sources */ = {isa = PBXBuildFile; fileRef = 3D2C9F0D2DE61072009DAE77 /* RootNavigationView.swift */; };
		3DF3254E2DE74BA100F9F3F9 /* Pretendard-Regular.otf in Resources */ = {isa = PBXBuildFile; fileRef = 3DF3254C2DE74BA100F9F3F9 /* Pretendard-Regular.otf */; };
		3DF3254F2DE74BA100F9F3F9 /* Pretendard-Bold.otf in Resources */ = {isa = PBXBuildFile; fileRef = 3DF3254A2DE74BA100F9F3F9 /* Pretendard-Bold.otf */; };
		3DF325502DE74BA100F9F3F9 /* Pretendard-SemiBold.otf in Resources */ = {isa = PBXBuildFile; fileRef = 3DF3254D2DE74BA100F9F3F9 /* Pretendard-SemiBold.otf */; };
		3DF325512DE74BA100F9F3F9 /* Pretendard-Medium.otf in Resources */ = {isa = PBXBuildFile; fileRef = 3DF3254B2DE74BA100F9F3F9 /* Pretendard-Medium.otf */; };
		3DF325532DE74CB300F9F3F9 /* Font+.swift in Sources */ = {isa = PBXBuildFile; fileRef = 3DF325522DE74CB300F9F3F9 /* Font+.swift */; };
		3DF325562DE7FC1000F9F3F9 /* CombineMoya in Frameworks */ = {isa = PBXBuildFile; productRef = 3DF325552DE7FC1000F9F3F9 /* CombineMoya */; };
		3DF325582DE7FC1000F9F3F9 /* Moya in Frameworks */ = {isa = PBXBuildFile; productRef = 3DF325572DE7FC1000F9F3F9 /* Moya */; };
		3DF3255A2DE7FC1000F9F3F9 /* ReactiveMoya in Frameworks */ = {isa = PBXBuildFile; productRef = 3DF325592DE7FC1000F9F3F9 /* ReactiveMoya */; };
		3DF3255C2DE7FC1000F9F3F9 /* RxMoya in Frameworks */ = {isa = PBXBuildFile; productRef = 3DF3255B2DE7FC1000F9F3F9 /* RxMoya */; };
		3DF3255E2DE7FDD400F9F3F9 /* BaseTargetType.swift in Sources */ = {isa = PBXBuildFile; fileRef = 3DF3255D2DE7FDD400F9F3F9 /* BaseTargetType.swift */; };
		3DF325602DE7FDE300F9F3F9 /* BaseAPIService.swift in Sources */ = {isa = PBXBuildFile; fileRef = 3DF3255F2DE7FDE300F9F3F9 /* BaseAPIService.swift */; };
		3DF325622DE7FDF400F9F3F9 /* NetworkResult.swift in Sources */ = {isa = PBXBuildFile; fileRef = 3DF325612DE7FDF400F9F3F9 /* NetworkResult.swift */; };
		3DF325642DE7FDFC00F9F3F9 /* NetworkService.swift in Sources */ = {isa = PBXBuildFile; fileRef = 3DF325632DE7FDFC00F9F3F9 /* NetworkService.swift */; };
		3DF325F62DE891A900F9F3F9 /* Config.swift in Sources */ = {isa = PBXBuildFile; fileRef = 3DF325F52DE891A900F9F3F9 /* Config.swift */; };
		3DF325F82DE893C700F9F3F9 /* MoyaLoggerPlugin.swift in Sources */ = {isa = PBXBuildFile; fileRef = 3DF325F72DE893C700F9F3F9 /* MoyaLoggerPlugin.swift */; };
		3DF325FA2DE8943B00F9F3F9 /* MoyaProvider.swift in Sources */ = {isa = PBXBuildFile; fileRef = 3DF325F92DE8943B00F9F3F9 /* MoyaProvider.swift */; };
		3DF326012DE8951F00F9F3F9 /* FeedbackTargetType.swift in Sources */ = {isa = PBXBuildFile; fileRef = 3DF326002DE8951F00F9F3F9 /* FeedbackTargetType.swift */; };
		3DF326032DE8953500F9F3F9 /* FeedbackAPIService.swift in Sources */ = {isa = PBXBuildFile; fileRef = 3DF326022DE8953500F9F3F9 /* FeedbackAPIService.swift */; };
		3DF326052DE8956300F9F3F9 /* NoteTargetType.swift in Sources */ = {isa = PBXBuildFile; fileRef = 3DF326042DE8956300F9F3F9 /* NoteTargetType.swift */; };
		3DF326072DE8959800F9F3F9 /* NoteAPIService.swift in Sources */ = {isa = PBXBuildFile; fileRef = 3DF326062DE8959800F9F3F9 /* NoteAPIService.swift */; };
		3DF326092DE895A400F9F3F9 /* SessionTargetType.swift in Sources */ = {isa = PBXBuildFile; fileRef = 3DF326082DE895A400F9F3F9 /* SessionTargetType.swift */; };
		3DF3260B2DE895AA00F9F3F9 /* SessionAPIService.swift in Sources */ = {isa = PBXBuildFile; fileRef = 3DF3260A2DE895AA00F9F3F9 /* SessionAPIService.swift */; };
		3DF3260D2DE895B100F9F3F9 /* UserTargetType.swift in Sources */ = {isa = PBXBuildFile; fileRef = 3DF3260C2DE895B100F9F3F9 /* UserTargetType.swift */; };
		3DF3260F2DE8965600F9F3F9 /* UserAPIService.swift in Sources */ = {isa = PBXBuildFile; fileRef = 3DF3260E2DE8965600F9F3F9 /* UserAPIService.swift */; };
		3DF326192DE9871000F9F3F9 /* FetchSendQuestionResponseDTO.swift in Sources */ = {isa = PBXBuildFile; fileRef = 3DF326182DE9871000F9F3F9 /* FetchSendQuestionResponseDTO.swift */; };
		3DF3272F2DE9A8DC00F9F3F9 /* PostStartQuestionResponseDTO.swift in Sources */ = {isa = PBXBuildFile; fileRef = 3DF3272E2DE9A8DC00F9F3F9 /* PostStartQuestionResponseDTO.swift */; };
		3DF327352DE9A9E400F9F3F9 /* NotificationTargetType.swift in Sources */ = {isa = PBXBuildFile; fileRef = 3DF327342DE9A9E400F9F3F9 /* NotificationTargetType.swift */; };
		3DF327372DE9A9EE00F9F3F9 /* NotificationAPIService.swift in Sources */ = {isa = PBXBuildFile; fileRef = 3DF327362DE9A9EE00F9F3F9 /* NotificationAPIService.swift */; };
		3DF327392DE9AA3F00F9F3F9 /* PostStartQuestionRequestDTO.swift in Sources */ = {isa = PBXBuildFile; fileRef = 3DF327382DE9AA3F00F9F3F9 /* PostStartQuestionRequestDTO.swift */; };
/* End PBXBuildFile section */

/* Begin PBXFileReference section */
		098C97662DEFD7FC004388D6 /* PostRegisterRequestDTO.swift */ = {isa = PBXFileReference; lastKnownFileType = sourcecode.swift; path = PostRegisterRequestDTO.swift; sourceTree = "<group>"; };
		098C97682DEFD806004388D6 /* PostNewFriendsRequestDTO.swift */ = {isa = PBXFileReference; lastKnownFileType = sourcecode.swift; path = PostNewFriendsRequestDTO.swift; sourceTree = "<group>"; };
		098C976A2DEFD926004388D6 /* FetchMyprofileResponseDTO.swift */ = {isa = PBXFileReference; lastKnownFileType = sourcecode.swift; path = FetchMyprofileResponseDTO.swift; sourceTree = "<group>"; };
		098C976C2DEFD933004388D6 /* PostRegisterResponseDTO.swift */ = {isa = PBXFileReference; lastKnownFileType = sourcecode.swift; path = PostRegisterResponseDTO.swift; sourceTree = "<group>"; };
		098C976E2DEFD93B004388D6 /* FetchFriendsProfileResponseDTO.swift */ = {isa = PBXFileReference; lastKnownFileType = sourcecode.swift; path = FetchFriendsProfileResponseDTO.swift; sourceTree = "<group>"; };
		098C97702DEFD947004388D6 /* FetchMyFriendsListResponseDTO.swift */ = {isa = PBXFileReference; lastKnownFileType = sourcecode.swift; path = FetchMyFriendsListResponseDTO.swift; sourceTree = "<group>"; };
		098C97722DEFD951004388D6 /* PostNewFriendsResponseDTO.swift */ = {isa = PBXFileReference; lastKnownFileType = sourcecode.swift; path = PostNewFriendsResponseDTO.swift; sourceTree = "<group>"; };
		099AD8652DEBD23E00CC9717 /* AppDelegate.swift */ = {isa = PBXFileReference; lastKnownFileType = sourcecode.swift; path = AppDelegate.swift; sourceTree = "<group>"; };
		099AD8672DEBEEDC00CC9717 /* RegisterView.swift */ = {isa = PBXFileReference; lastKnownFileType = sourcecode.swift; path = RegisterView.swift; sourceTree = "<group>"; };
		099AD8682DEBEEDC00CC9717 /* RegisterModel.swift */ = {isa = PBXFileReference; lastKnownFileType = sourcecode.swift; path = RegisterModel.swift; sourceTree = "<group>"; };
		099AD86A2DEBEEDC00CC9717 /* RegisterSubViews.swift */ = {isa = PBXFileReference; lastKnownFileType = sourcecode.swift; path = RegisterSubViews.swift; sourceTree = "<group>"; };
		099AD86C2DEBEEDC00CC9717 /* RegisterViewModel.swift */ = {isa = PBXFileReference; lastKnownFileType = sourcecode.swift; path = RegisterViewModel.swift; sourceTree = "<group>"; };
		09F425152DEBC2B500850CDB /* PostStartFeedbackRequsetDTO.swift */ = {isa = PBXFileReference; lastKnownFileType = sourcecode.swift; path = PostStartFeedbackRequsetDTO.swift; sourceTree = "<group>"; };
		09F425172DEBC2BA00850CDB /* FetchSendFeedbackResponseDTO.swift */ = {isa = PBXFileReference; lastKnownFileType = sourcecode.swift; path = FetchSendFeedbackResponseDTO.swift; sourceTree = "<group>"; };
		09F425182DEBC2BA00850CDB /* PostStartFeedbackResponseDTO.swift */ = {isa = PBXFileReference; lastKnownFileType = sourcecode.swift; path = PostStartFeedbackResponseDTO.swift; sourceTree = "<group>"; };
		09F4251B2DEBC2C400850CDB /* DeleteFeedbackNoteRequestDTO.swift */ = {isa = PBXFileReference; lastKnownFileType = sourcecode.swift; path = DeleteFeedbackNoteRequestDTO.swift; sourceTree = "<group>"; };
		09F4251C2DEBC2C400850CDB /* PatchNoteFavoriteRequestDTO.swift */ = {isa = PBXFileReference; lastKnownFileType = sourcecode.swift; path = PatchNoteFavoriteRequestDTO.swift; sourceTree = "<group>"; };
		09F4251D2DEBC2C400850CDB /* PatchNoteTitleRequestDTO.swift */ = {isa = PBXFileReference; lastKnownFileType = sourcecode.swift; path = PatchNoteTitleRequestDTO.swift; sourceTree = "<group>"; };
		09F425212DEBC2CB00850CDB /* DeleteFeedbackNoteResponseDTO.swift */ = {isa = PBXFileReference; lastKnownFileType = sourcecode.swift; path = DeleteFeedbackNoteResponseDTO.swift; sourceTree = "<group>"; };
		09F425222DEBC2CB00850CDB /* FetchFeedbackNotesResponseDTO.swift */ = {isa = PBXFileReference; lastKnownFileType = sourcecode.swift; path = FetchFeedbackNotesResponseDTO.swift; sourceTree = "<group>"; };
		09F425232DEBC2CB00850CDB /* PatchFeedbackNoteFavoriteResponseDTO.swift */ = {isa = PBXFileReference; lastKnownFileType = sourcecode.swift; path = PatchFeedbackNoteFavoriteResponseDTO.swift; sourceTree = "<group>"; };
		09F425242DEBC2CB00850CDB /* PatchFeedbackNoteTitleResponseDTO.swift */ = {isa = PBXFileReference; lastKnownFileType = sourcecode.swift; path = PatchFeedbackNoteTitleResponseDTO.swift; sourceTree = "<group>"; };
		09F425292DEBC2D000850CDB /* PostDeviceTokenRequestDTO.swift */ = {isa = PBXFileReference; lastKnownFileType = sourcecode.swift; path = PostDeviceTokenRequestDTO.swift; sourceTree = "<group>"; };
		09F4252B2DEBC2D500850CDB /* PostDeviceTokenResponseDTO.swift */ = {isa = PBXFileReference; lastKnownFileType = sourcecode.swift; path = PostDeviceTokenResponseDTO.swift; sourceTree = "<group>"; };
		09F4252E2DEBC34D00850CDB /* FetchS3DownloadURLResposeDTO.swift */ = {isa = PBXFileReference; lastKnownFileType = sourcecode.swift; path = FetchS3DownloadURLResposeDTO.swift; sourceTree = "<group>"; };
		09F425312DEBC34D00850CDB /* S3APIService.swift */ = {isa = PBXFileReference; lastKnownFileType = sourcecode.swift; path = S3APIService.swift; sourceTree = "<group>"; };
		09F425322DEBC34D00850CDB /* S3TargetType.swift */ = {isa = PBXFileReference; lastKnownFileType = sourcecode.swift; path = S3TargetType.swift; sourceTree = "<group>"; };
		0F2E83012DF13AAC0082B256 /* CircleWaveOrange.json */ = {isa = PBXFileReference; lastKnownFileType = text.json; path = CircleWaveOrange.json; sourceTree = "<group>"; };
		0F2E83062DF1740E0082B256 /* CircleWaveBlue.json */ = {isa = PBXFileReference; lastKnownFileType = text.json; path = CircleWaveBlue.json; sourceTree = "<group>"; };
		0FBD487C2DEC2C690042CFE1 /* Config.xcconfig */ = {isa = PBXFileReference; lastKnownFileType = text.xcconfig; path = Config.xcconfig; sourceTree = "<group>"; };
		3D2796152DED3283005D5A1B /* EKOToastMessage.swift */ = {isa = PBXFileReference; lastKnownFileType = sourcecode.swift; path = EKOToastMessage.swift; sourceTree = "<group>"; };
		3D2796182DED36CC005D5A1B /* View+.swift */ = {isa = PBXFileReference; lastKnownFileType = sourcecode.swift; path = "View+.swift"; sourceTree = "<group>"; };
		3D27961A2DED9B13005D5A1B /* EKOToggleIndicator.swift */ = {isa = PBXFileReference; lastKnownFileType = sourcecode.swift; path = EKOToggleIndicator.swift; sourceTree = "<group>"; };
		3D27961C2DEDA71B005D5A1B /* EKOButton.swift */ = {isa = PBXFileReference; lastKnownFileType = sourcecode.swift; path = EKOButton.swift; sourceTree = "<group>"; };
		3D27961E2DEDDB86005D5A1B /* EKOEmptyView.swift */ = {isa = PBXFileReference; lastKnownFileType = sourcecode.swift; path = EKOEmptyView.swift; sourceTree = "<group>"; };
		3D2796202DEDDD1D005D5A1B /* EKOFriendsView.swift */ = {isa = PBXFileReference; lastKnownFileType = sourcecode.swift; path = EKOFriendsView.swift; sourceTree = "<group>"; };
		3D2796222DEDE28A005D5A1B /* EKOTabSelector.swift */ = {isa = PBXFileReference; lastKnownFileType = sourcecode.swift; path = EKOTabSelector.swift; sourceTree = "<group>"; };
		3D2796242DEDE815005D5A1B /* Text+.swift */ = {isa = PBXFileReference; lastKnownFileType = sourcecode.swift; path = "Text+.swift"; sourceTree = "<group>"; };
		3D2C9E102DE5E031009DAE77 /* EKO-iOS.app */ = {isa = PBXFileReference; explicitFileType = wrapper.application; includeInIndex = 0; path = "EKO-iOS.app"; sourceTree = BUILT_PRODUCTS_DIR; };
		3D2C9E222DE5E0A0009DAE77 /* Preview Assets.xcassets */ = {isa = PBXFileReference; lastKnownFileType = folder.assetcatalog; path = "Preview Assets.xcassets"; sourceTree = "<group>"; };
		3D2C9E242DE5E0A0009DAE77 /* Assets.xcassets */ = {isa = PBXFileReference; lastKnownFileType = folder.assetcatalog; path = Assets.xcassets; sourceTree = "<group>"; };
		3D2C9E252DE5E0A0009DAE77 /* ContentView.swift */ = {isa = PBXFileReference; lastKnownFileType = sourcecode.swift; path = ContentView.swift; sourceTree = "<group>"; };
		3D2C9E262DE5E0A0009DAE77 /* EKO_iOS.entitlements */ = {isa = PBXFileReference; lastKnownFileType = text.plist.entitlements; path = EKO_iOS.entitlements; sourceTree = "<group>"; };
		3D2C9E272DE5E0A0009DAE77 /* EKO_iOSApp.swift */ = {isa = PBXFileReference; lastKnownFileType = sourcecode.swift; path = EKO_iOSApp.swift; sourceTree = "<group>"; };
		3D2C9E332DE5E388009DAE77 /* Colors.xcassets */ = {isa = PBXFileReference; lastKnownFileType = folder.assetcatalog; path = Colors.xcassets; sourceTree = "<group>"; };
		3D2C9E352DE5E39A009DAE77 /* Localizable.xcstrings */ = {isa = PBXFileReference; lastKnownFileType = text.json.xcstrings; path = Localizable.xcstrings; sourceTree = "<group>"; };
		3D2C9E372DE5F460009DAE77 /* Date+.swift */ = {isa = PBXFileReference; lastKnownFileType = sourcecode.swift; path = "Date+.swift"; sourceTree = "<group>"; };
		3D2C9EC32DE5F4FB009DAE77 /* Info.plist */ = {isa = PBXFileReference; lastKnownFileType = text.plist.xml; path = Info.plist; sourceTree = "<group>"; };
		3D2C9ECB2DE5F665009DAE77 /* LearningNoteView.swift */ = {isa = PBXFileReference; lastKnownFileType = sourcecode.swift; path = LearningNoteView.swift; sourceTree = "<group>"; };
		3D2C9ECD2DE5F68A009DAE77 /* RecordingRequestView.swift */ = {isa = PBXFileReference; lastKnownFileType = sourcecode.swift; path = RecordingRequestView.swift; sourceTree = "<group>"; };
		3D2C9ECF2DE5F696009DAE77 /* RecordingResponseView.swift */ = {isa = PBXFileReference; lastKnownFileType = sourcecode.swift; path = RecordingResponseView.swift; sourceTree = "<group>"; };
		3D2C9ED12DE5F69E009DAE77 /* ProfileView.swift */ = {isa = PBXFileReference; lastKnownFileType = sourcecode.swift; path = ProfileView.swift; sourceTree = "<group>"; };
		3D2C9ED32DE5F6A6009DAE77 /* AddFriendView.swift */ = {isa = PBXFileReference; lastKnownFileType = sourcecode.swift; path = AddFriendView.swift; sourceTree = "<group>"; };
		3D2C9ED52DE5F6E7009DAE77 /* RecordingRequestViewModel.swift */ = {isa = PBXFileReference; lastKnownFileType = sourcecode.swift; path = RecordingRequestViewModel.swift; sourceTree = "<group>"; };
		3D2C9ED72DE5F6F7009DAE77 /* RecordingResponseViewModel.swift */ = {isa = PBXFileReference; lastKnownFileType = sourcecode.swift; path = RecordingResponseViewModel.swift; sourceTree = "<group>"; };
		3D2C9ED92DE5F739009DAE77 /* LearningNoteViewModel.swift */ = {isa = PBXFileReference; lastKnownFileType = sourcecode.swift; path = LearningNoteViewModel.swift; sourceTree = "<group>"; };
		3D2C9EDB2DE5F743009DAE77 /* ProfileViewModel.swift */ = {isa = PBXFileReference; lastKnownFileType = sourcecode.swift; path = ProfileViewModel.swift; sourceTree = "<group>"; };
		3D2C9EDD2DE5F74E009DAE77 /* AddFriendViewModel.swift */ = {isa = PBXFileReference; lastKnownFileType = sourcecode.swift; path = AddFriendViewModel.swift; sourceTree = "<group>"; };
		3D2C9EE22DE5F916009DAE77 /* RecordingRequestModel.swift */ = {isa = PBXFileReference; lastKnownFileType = sourcecode.swift; path = RecordingRequestModel.swift; sourceTree = "<group>"; };
		3D2C9EE42DE5F926009DAE77 /* RecordingRequestSubView.swift */ = {isa = PBXFileReference; lastKnownFileType = sourcecode.swift; path = RecordingRequestSubView.swift; sourceTree = "<group>"; };
		3D2C9EE92DE5F96C009DAE77 /* RecordingResponseModel.swift */ = {isa = PBXFileReference; lastKnownFileType = sourcecode.swift; path = RecordingResponseModel.swift; sourceTree = "<group>"; };
		3D2C9EEB2DE5F988009DAE77 /* RecordingResponseSubView.swift */ = {isa = PBXFileReference; lastKnownFileType = sourcecode.swift; path = RecordingResponseSubView.swift; sourceTree = "<group>"; };
		3D2C9EF12DE5F9D8009DAE77 /* MainView.swift */ = {isa = PBXFileReference; lastKnownFileType = sourcecode.swift; path = MainView.swift; sourceTree = "<group>"; };
		3D2C9EF32DE5FA08009DAE77 /* LearningNoteModel.swift */ = {isa = PBXFileReference; lastKnownFileType = sourcecode.swift; path = LearningNoteModel.swift; sourceTree = "<group>"; };
		3D2C9EF52DE5FA13009DAE77 /* LearningNoteSubViews.swift */ = {isa = PBXFileReference; lastKnownFileType = sourcecode.swift; path = LearningNoteSubViews.swift; sourceTree = "<group>"; };
		3D2C9EFA2DE5FA4B009DAE77 /* ProfileSubViews.swift */ = {isa = PBXFileReference; lastKnownFileType = sourcecode.swift; path = ProfileSubViews.swift; sourceTree = "<group>"; };
		3D2C9EFC2DE5FA53009DAE77 /* ProfileModel.swift */ = {isa = PBXFileReference; lastKnownFileType = sourcecode.swift; path = ProfileModel.swift; sourceTree = "<group>"; };
		3D2C9F012DE5FA7F009DAE77 /* AddFriendSubViews.swift */ = {isa = PBXFileReference; lastKnownFileType = sourcecode.swift; path = AddFriendSubViews.swift; sourceTree = "<group>"; };
		3D2C9F032DE5FA85009DAE77 /* AddFriendModel.swift */ = {isa = PBXFileReference; lastKnownFileType = sourcecode.swift; path = AddFriendModel.swift; sourceTree = "<group>"; };
		3D2C9F092DE60F75009DAE77 /* AppRoute.swift */ = {isa = PBXFileReference; lastKnownFileType = sourcecode.swift; path = AppRoute.swift; sourceTree = "<group>"; };
		3D2C9F0B2DE60FCE009DAE77 /* AppCoordinator.swift */ = {isa = PBXFileReference; lastKnownFileType = sourcecode.swift; path = AppCoordinator.swift; sourceTree = "<group>"; };
		3D2C9F0D2DE61072009DAE77 /* RootNavigationView.swift */ = {isa = PBXFileReference; lastKnownFileType = sourcecode.swift; path = RootNavigationView.swift; sourceTree = "<group>"; };
		3D2C9F0F2DE61521009DAE77 /* .swiftlint.yml */ = {isa = PBXFileReference; lastKnownFileType = text.yaml; path = .swiftlint.yml; sourceTree = "<group>"; };
		3DF3254A2DE74BA100F9F3F9 /* Pretendard-Bold.otf */ = {isa = PBXFileReference; lastKnownFileType = file; path = "Pretendard-Bold.otf"; sourceTree = "<group>"; };
		3DF3254B2DE74BA100F9F3F9 /* Pretendard-Medium.otf */ = {isa = PBXFileReference; lastKnownFileType = file; path = "Pretendard-Medium.otf"; sourceTree = "<group>"; };
		3DF3254C2DE74BA100F9F3F9 /* Pretendard-Regular.otf */ = {isa = PBXFileReference; lastKnownFileType = file; path = "Pretendard-Regular.otf"; sourceTree = "<group>"; };
		3DF3254D2DE74BA100F9F3F9 /* Pretendard-SemiBold.otf */ = {isa = PBXFileReference; lastKnownFileType = file; path = "Pretendard-SemiBold.otf"; sourceTree = "<group>"; };
		3DF325522DE74CB300F9F3F9 /* Font+.swift */ = {isa = PBXFileReference; lastKnownFileType = sourcecode.swift; path = "Font+.swift"; sourceTree = "<group>"; };
		3DF3255D2DE7FDD400F9F3F9 /* BaseTargetType.swift */ = {isa = PBXFileReference; lastKnownFileType = sourcecode.swift; path = BaseTargetType.swift; sourceTree = "<group>"; };
		3DF3255F2DE7FDE300F9F3F9 /* BaseAPIService.swift */ = {isa = PBXFileReference; lastKnownFileType = sourcecode.swift; path = BaseAPIService.swift; sourceTree = "<group>"; };
		3DF325612DE7FDF400F9F3F9 /* NetworkResult.swift */ = {isa = PBXFileReference; lastKnownFileType = sourcecode.swift; path = NetworkResult.swift; sourceTree = "<group>"; };
		3DF325632DE7FDFC00F9F3F9 /* NetworkService.swift */ = {isa = PBXFileReference; lastKnownFileType = sourcecode.swift; path = NetworkService.swift; sourceTree = "<group>"; };
		3DF325F52DE891A900F9F3F9 /* Config.swift */ = {isa = PBXFileReference; lastKnownFileType = sourcecode.swift; path = Config.swift; sourceTree = "<group>"; };
		3DF325F72DE893C700F9F3F9 /* MoyaLoggerPlugin.swift */ = {isa = PBXFileReference; lastKnownFileType = sourcecode.swift; path = MoyaLoggerPlugin.swift; sourceTree = "<group>"; };
		3DF325F92DE8943B00F9F3F9 /* MoyaProvider.swift */ = {isa = PBXFileReference; lastKnownFileType = sourcecode.swift; path = MoyaProvider.swift; sourceTree = "<group>"; };
		3DF326002DE8951F00F9F3F9 /* FeedbackTargetType.swift */ = {isa = PBXFileReference; lastKnownFileType = sourcecode.swift; path = FeedbackTargetType.swift; sourceTree = "<group>"; };
		3DF326022DE8953500F9F3F9 /* FeedbackAPIService.swift */ = {isa = PBXFileReference; lastKnownFileType = sourcecode.swift; path = FeedbackAPIService.swift; sourceTree = "<group>"; };
		3DF326042DE8956300F9F3F9 /* NoteTargetType.swift */ = {isa = PBXFileReference; lastKnownFileType = sourcecode.swift; path = NoteTargetType.swift; sourceTree = "<group>"; };
		3DF326062DE8959800F9F3F9 /* NoteAPIService.swift */ = {isa = PBXFileReference; lastKnownFileType = sourcecode.swift; path = NoteAPIService.swift; sourceTree = "<group>"; };
		3DF326082DE895A400F9F3F9 /* SessionTargetType.swift */ = {isa = PBXFileReference; lastKnownFileType = sourcecode.swift; path = SessionTargetType.swift; sourceTree = "<group>"; };
		3DF3260A2DE895AA00F9F3F9 /* SessionAPIService.swift */ = {isa = PBXFileReference; lastKnownFileType = sourcecode.swift; path = SessionAPIService.swift; sourceTree = "<group>"; };
		3DF3260C2DE895B100F9F3F9 /* UserTargetType.swift */ = {isa = PBXFileReference; lastKnownFileType = sourcecode.swift; path = UserTargetType.swift; sourceTree = "<group>"; };
		3DF3260E2DE8965600F9F3F9 /* UserAPIService.swift */ = {isa = PBXFileReference; lastKnownFileType = sourcecode.swift; path = UserAPIService.swift; sourceTree = "<group>"; };
		3DF326182DE9871000F9F3F9 /* FetchSendQuestionResponseDTO.swift */ = {isa = PBXFileReference; lastKnownFileType = sourcecode.swift; path = FetchSendQuestionResponseDTO.swift; sourceTree = "<group>"; };
		3DF3272E2DE9A8DC00F9F3F9 /* PostStartQuestionResponseDTO.swift */ = {isa = PBXFileReference; lastKnownFileType = sourcecode.swift; path = PostStartQuestionResponseDTO.swift; sourceTree = "<group>"; };
		3DF327342DE9A9E400F9F3F9 /* NotificationTargetType.swift */ = {isa = PBXFileReference; lastKnownFileType = sourcecode.swift; path = NotificationTargetType.swift; sourceTree = "<group>"; };
		3DF327362DE9A9EE00F9F3F9 /* NotificationAPIService.swift */ = {isa = PBXFileReference; lastKnownFileType = sourcecode.swift; path = NotificationAPIService.swift; sourceTree = "<group>"; };
		3DF327382DE9AA3F00F9F3F9 /* PostStartQuestionRequestDTO.swift */ = {isa = PBXFileReference; lastKnownFileType = sourcecode.swift; path = PostStartQuestionRequestDTO.swift; sourceTree = "<group>"; };
/* End PBXFileReference section */

/* Begin PBXFileSystemSynchronizedRootGroup section */
		0F49DC812DE741DC007C15C7 /* Utils */ = {
			isa = PBXFileSystemSynchronizedRootGroup;
			path = Utils;
			sourceTree = "<group>";
		};
/* End PBXFileSystemSynchronizedRootGroup section */

/* Begin PBXFrameworksBuildPhase section */
		3D2C9E0D2DE5E031009DAE77 /* Frameworks */ = {
			isa = PBXFrameworksBuildPhase;
			buildActionMask = 2147483647;
			files = (
				0F2E83002DF136820082B256 /* Lottie in Frameworks */,
				3DF325582DE7FC1000F9F3F9 /* Moya in Frameworks */,
				3DF325562DE7FC1000F9F3F9 /* CombineMoya in Frameworks */,
				3DF3255C2DE7FC1000F9F3F9 /* RxMoya in Frameworks */,
				3DF3255A2DE7FC1000F9F3F9 /* ReactiveMoya in Frameworks */,
			);
			runOnlyForDeploymentPostprocessing = 0;
		};
/* End PBXFrameworksBuildPhase section */

/* Begin PBXGroup section */
		099AD8692DEBEEDC00CC9717 /* Model */ = {
			isa = PBXGroup;
			children = (
				099AD8682DEBEEDC00CC9717 /* RegisterModel.swift */,
			);
			path = Model;
			sourceTree = "<group>";
		};
		099AD86B2DEBEEDC00CC9717 /* SubViews */ = {
			isa = PBXGroup;
			children = (
				099AD86A2DEBEEDC00CC9717 /* RegisterSubViews.swift */,
			);
			path = SubViews;
			sourceTree = "<group>";
		};
		099AD86D2DEBEEDC00CC9717 /* ViewModel */ = {
			isa = PBXGroup;
			children = (
				099AD86C2DEBEEDC00CC9717 /* RegisterViewModel.swift */,
			);
			path = ViewModel;
			sourceTree = "<group>";
		};
		099AD86E2DEBEEDC00CC9717 /* Register */ = {
			isa = PBXGroup;
			children = (
				099AD8672DEBEEDC00CC9717 /* RegisterView.swift */,
				099AD8692DEBEEDC00CC9717 /* Model */,
				099AD86B2DEBEEDC00CC9717 /* SubViews */,
				099AD86D2DEBEEDC00CC9717 /* ViewModel */,
			);
			path = Register;
			sourceTree = "<group>";
		};
		09F4252D2DEBC34D00850CDB /* Request */ = {
			isa = PBXGroup;
			children = (
			);
			path = Request;
			sourceTree = "<group>";
		};
		09F4252F2DEBC34D00850CDB /* Response */ = {
			isa = PBXGroup;
			children = (
				09F4252E2DEBC34D00850CDB /* FetchS3DownloadURLResposeDTO.swift */,
			);
			path = Response;
			sourceTree = "<group>";
		};
		09F425302DEBC34D00850CDB /* DTO */ = {
			isa = PBXGroup;
			children = (
				09F4252D2DEBC34D00850CDB /* Request */,
				09F4252F2DEBC34D00850CDB /* Response */,
			);
			path = DTO;
			sourceTree = "<group>";
		};
		09F425332DEBC34D00850CDB /* S3 */ = {
			isa = PBXGroup;
			children = (
				09F425302DEBC34D00850CDB /* DTO */,
				09F425312DEBC34D00850CDB /* S3APIService.swift */,
				09F425322DEBC34D00850CDB /* S3TargetType.swift */,
			);
			path = S3;
			sourceTree = "<group>";
		};
		3D2796142DED3263005D5A1B /* Components */ = {
			isa = PBXGroup;
			children = (
				3D2796152DED3283005D5A1B /* EKOToastMessage.swift */,
				3D27961A2DED9B13005D5A1B /* EKOToggleIndicator.swift */,
				3D27961C2DEDA71B005D5A1B /* EKOButton.swift */,
				3D27961E2DEDDB86005D5A1B /* EKOEmptyView.swift */,
				3D2796202DEDDD1D005D5A1B /* EKOFriendsView.swift */,
				3D2796222DEDE28A005D5A1B /* EKOTabSelector.swift */,
			);
			path = Components;
			sourceTree = "<group>";
		};
		3D2C9E072DE5E031009DAE77 = {
			isa = PBXGroup;
			children = (
				3D2C9F0F2DE61521009DAE77 /* .swiftlint.yml */,
				3D2C9E282DE5E0A0009DAE77 /* EKO-iOS */,
				3D2C9E112DE5E031009DAE77 /* Products */,
			);
			sourceTree = "<group>";
		};
		3D2C9E112DE5E031009DAE77 /* Products */ = {
			isa = PBXGroup;
			children = (
				3D2C9E102DE5E031009DAE77 /* EKO-iOS.app */,
			);
			name = Products;
			sourceTree = "<group>";
		};
		3D2C9E232DE5E0A0009DAE77 /* Preview Content */ = {
			isa = PBXGroup;
			children = (
				3D2C9E222DE5E0A0009DAE77 /* Preview Assets.xcassets */,
			);
			path = "Preview Content";
			sourceTree = "<group>";
		};
		3D2C9E282DE5E0A0009DAE77 /* EKO-iOS */ = {
			isa = PBXGroup;
			children = (
				3D2C9E262DE5E0A0009DAE77 /* EKO_iOS.entitlements */,
				3D2C9E2D2DE5E155009DAE77 /* Application */,
				3D2C9E302DE5E20A009DAE77 /* Core */,
				3D2C9E2F2DE5E1F7009DAE77 /* Network */,
				3D2C9E2E2DE5E175009DAE77 /* Feature */,
				3D2796142DED3263005D5A1B /* Components */,
				3D2C9E232DE5E0A0009DAE77 /* Preview Content */,
			);
			path = "EKO-iOS";
			sourceTree = "<group>";
		};
		3D2C9E2D2DE5E155009DAE77 /* Application */ = {
			isa = PBXGroup;
			children = (
				099AD8652DEBD23E00CC9717 /* AppDelegate.swift */,
				3D2C9E272DE5E0A0009DAE77 /* EKO_iOSApp.swift */,
				3D2C9F082DE60F58009DAE77 /* Coordinator */,
			);
			path = Application;
			sourceTree = "<group>";
		};
		3D2C9E2E2DE5E175009DAE77 /* Feature */ = {
			isa = PBXGroup;
			children = (
				3D2C9E252DE5E0A0009DAE77 /* ContentView.swift */,
				3D2C9EF02DE5F9D0009DAE77 /* Main */,
				3D2C9EC62DE5F59B009DAE77 /* RecordingRequest */,
				3D2C9EC72DE5F5A6009DAE77 /* RecordingResponse */,
				3D2C9EC82DE5F5B7009DAE77 /* LearningNote */,
				3D2C9EC92DE5F608009DAE77 /* Profile */,
				099AD86E2DEBEEDC00CC9717 /* Register */,
				3D2C9ECA2DE5F62F009DAE77 /* AddFriend */,
			);
			path = Feature;
			sourceTree = "<group>";
		};
		3D2C9E2F2DE5E1F7009DAE77 /* Network */ = {
			isa = PBXGroup;
			children = (
				09F425332DEBC34D00850CDB /* S3 */,
				3DF325FB2DE8948800F9F3F9 /* Base */,
				3DF325682DE7FE5700F9F3F9 /* Feedback */,
				3DF325672DE7FE5300F9F3F9 /* Note */,
				3DF327302DE9A98800F9F3F9 /* Notification */,
				3DF325662DE7FE4A00F9F3F9 /* Session */,
				3DF325652DE7FE3D00F9F3F9 /* User */,
			);
			path = Network;
			sourceTree = "<group>";
		};
		3D2C9E302DE5E20A009DAE77 /* Core */ = {
			isa = PBXGroup;
			children = (
				0F49DC812DE741DC007C15C7 /* Utils */,
				3D2C9F072DE60C29009DAE77 /* Supporting Files */,
				3D2C9E322DE5E256009DAE77 /* Resources */,
				3D2C9E312DE5E24D009DAE77 /* Extensions */,
			);
			path = Core;
			sourceTree = "<group>";
		};
		3D2C9E312DE5E24D009DAE77 /* Extensions */ = {
			isa = PBXGroup;
			children = (
				3D2C9E372DE5F460009DAE77 /* Date+.swift */,
				3DF325522DE74CB300F9F3F9 /* Font+.swift */,
				3D2796182DED36CC005D5A1B /* View+.swift */,
				3D2796242DEDE815005D5A1B /* Text+.swift */,
			);
			path = Extensions;
			sourceTree = "<group>";
		};
		3D2C9E322DE5E256009DAE77 /* Resources */ = {
			isa = PBXGroup;
			children = (
				3D2C9F112DE74AEC009DAE77 /* Fonts */,
				3D2C9F102DE74AD5009DAE77 /* Assets */,
				3DF325F52DE891A900F9F3F9 /* Config.swift */,
				0FBD487C2DEC2C690042CFE1 /* Config.xcconfig */,
				0F2E83012DF13AAC0082B256 /* CircleWaveOrange.json */,
				0F2E83062DF1740E0082B256 /* CircleWaveBlue.json */,
			);
			path = Resources;
			sourceTree = "<group>";
		};
		3D2C9EC62DE5F59B009DAE77 /* RecordingRequest */ = {
			isa = PBXGroup;
			children = (
				3D2C9ECD2DE5F68A009DAE77 /* RecordingRequestView.swift */,
				3D2C9EE12DE5F8EC009DAE77 /* Model */,
				3D2C9EE02DE5F8E5009DAE77 /* SubViews */,
				3D2C9EDF2DE5F8DB009DAE77 /* ViewModel */,
			);
			path = RecordingRequest;
			sourceTree = "<group>";
		};
		3D2C9EC72DE5F5A6009DAE77 /* RecordingResponse */ = {
			isa = PBXGroup;
			children = (
				3D2C9ECF2DE5F696009DAE77 /* RecordingResponseView.swift */,
				3D2C9EE82DE5F949009DAE77 /* Model */,
				3D2C9EE72DE5F944009DAE77 /* SubViews */,
				3D2C9EE62DE5F93E009DAE77 /* ViewModel */,
			);
			path = RecordingResponse;
			sourceTree = "<group>";
		};
		3D2C9EC82DE5F5B7009DAE77 /* LearningNote */ = {
			isa = PBXGroup;
			children = (
				3D2C9ECB2DE5F665009DAE77 /* LearningNoteView.swift */,
				3D2C9EEF2DE5F9AB009DAE77 /* Model */,
				3D2C9EEE2DE5F9A5009DAE77 /* SubViews */,
				3D2C9EED2DE5F99C009DAE77 /* ViewModel */,
			);
			path = LearningNote;
			sourceTree = "<group>";
		};
		3D2C9EC92DE5F608009DAE77 /* Profile */ = {
			isa = PBXGroup;
			children = (
				3D2C9ED12DE5F69E009DAE77 /* ProfileView.swift */,
				3D2C9EF92DE5FA39009DAE77 /* Model */,
				3D2C9EF82DE5FA34009DAE77 /* SubViews */,
				3D2C9EF72DE5FA2F009DAE77 /* ViewModel */,
			);
			path = Profile;
			sourceTree = "<group>";
		};
		3D2C9ECA2DE5F62F009DAE77 /* AddFriend */ = {
			isa = PBXGroup;
			children = (
				3D2C9ED32DE5F6A6009DAE77 /* AddFriendView.swift */,
				3D2C9F002DE5FA6D009DAE77 /* Model */,
				3D2C9EFF2DE5FA67009DAE77 /* SubViews */,
				3D2C9EFE2DE5FA61009DAE77 /* ViewModel */,
			);
			path = AddFriend;
			sourceTree = "<group>";
		};
		3D2C9EDF2DE5F8DB009DAE77 /* ViewModel */ = {
			isa = PBXGroup;
			children = (
				3D2C9ED52DE5F6E7009DAE77 /* RecordingRequestViewModel.swift */,
			);
			path = ViewModel;
			sourceTree = "<group>";
		};
		3D2C9EE02DE5F8E5009DAE77 /* SubViews */ = {
			isa = PBXGroup;
			children = (
				3D2C9EE42DE5F926009DAE77 /* RecordingRequestSubView.swift */,
			);
			path = SubViews;
			sourceTree = "<group>";
		};
		3D2C9EE12DE5F8EC009DAE77 /* Model */ = {
			isa = PBXGroup;
			children = (
				3D2C9EE22DE5F916009DAE77 /* RecordingRequestModel.swift */,
			);
			path = Model;
			sourceTree = "<group>";
		};
		3D2C9EE62DE5F93E009DAE77 /* ViewModel */ = {
			isa = PBXGroup;
			children = (
				3D2C9ED72DE5F6F7009DAE77 /* RecordingResponseViewModel.swift */,
			);
			path = ViewModel;
			sourceTree = "<group>";
		};
		3D2C9EE72DE5F944009DAE77 /* SubViews */ = {
			isa = PBXGroup;
			children = (
				3D2C9EEB2DE5F988009DAE77 /* RecordingResponseSubView.swift */,
			);
			path = SubViews;
			sourceTree = "<group>";
		};
		3D2C9EE82DE5F949009DAE77 /* Model */ = {
			isa = PBXGroup;
			children = (
				3D2C9EE92DE5F96C009DAE77 /* RecordingResponseModel.swift */,
			);
			path = Model;
			sourceTree = "<group>";
		};
		3D2C9EED2DE5F99C009DAE77 /* ViewModel */ = {
			isa = PBXGroup;
			children = (
				3D2C9ED92DE5F739009DAE77 /* LearningNoteViewModel.swift */,
			);
			path = ViewModel;
			sourceTree = "<group>";
		};
		3D2C9EEE2DE5F9A5009DAE77 /* SubViews */ = {
			isa = PBXGroup;
			children = (
				3D2C9EF52DE5FA13009DAE77 /* LearningNoteSubViews.swift */,
			);
			path = SubViews;
			sourceTree = "<group>";
		};
		3D2C9EEF2DE5F9AB009DAE77 /* Model */ = {
			isa = PBXGroup;
			children = (
				3D2C9EF32DE5FA08009DAE77 /* LearningNoteModel.swift */,
			);
			path = Model;
			sourceTree = "<group>";
		};
		3D2C9EF02DE5F9D0009DAE77 /* Main */ = {
			isa = PBXGroup;
			children = (
				3D2C9EF12DE5F9D8009DAE77 /* MainView.swift */,
			);
			path = Main;
			sourceTree = "<group>";
		};
		3D2C9EF72DE5FA2F009DAE77 /* ViewModel */ = {
			isa = PBXGroup;
			children = (
				3D2C9EDB2DE5F743009DAE77 /* ProfileViewModel.swift */,
			);
			path = ViewModel;
			sourceTree = "<group>";
		};
		3D2C9EF82DE5FA34009DAE77 /* SubViews */ = {
			isa = PBXGroup;
			children = (
				3D2C9EFA2DE5FA4B009DAE77 /* ProfileSubViews.swift */,
			);
			path = SubViews;
			sourceTree = "<group>";
		};
		3D2C9EF92DE5FA39009DAE77 /* Model */ = {
			isa = PBXGroup;
			children = (
				3D2C9EFC2DE5FA53009DAE77 /* ProfileModel.swift */,
			);
			path = Model;
			sourceTree = "<group>";
		};
		3D2C9EFE2DE5FA61009DAE77 /* ViewModel */ = {
			isa = PBXGroup;
			children = (
				3D2C9EDD2DE5F74E009DAE77 /* AddFriendViewModel.swift */,
			);
			path = ViewModel;
			sourceTree = "<group>";
		};
		3D2C9EFF2DE5FA67009DAE77 /* SubViews */ = {
			isa = PBXGroup;
			children = (
				3D2C9F012DE5FA7F009DAE77 /* AddFriendSubViews.swift */,
			);
			path = SubViews;
			sourceTree = "<group>";
		};
		3D2C9F002DE5FA6D009DAE77 /* Model */ = {
			isa = PBXGroup;
			children = (
				3D2C9F032DE5FA85009DAE77 /* AddFriendModel.swift */,
			);
			path = Model;
			sourceTree = "<group>";
		};
		3D2C9F072DE60C29009DAE77 /* Supporting Files */ = {
			isa = PBXGroup;
			children = (
				3D2C9EC32DE5F4FB009DAE77 /* Info.plist */,
			);
			path = "Supporting Files";
			sourceTree = "<group>";
		};
		3D2C9F082DE60F58009DAE77 /* Coordinator */ = {
			isa = PBXGroup;
			children = (
				3D2C9F092DE60F75009DAE77 /* AppRoute.swift */,
				3D2C9F0B2DE60FCE009DAE77 /* AppCoordinator.swift */,
				3D2C9F0D2DE61072009DAE77 /* RootNavigationView.swift */,
			);
			path = Coordinator;
			sourceTree = "<group>";
		};
		3D2C9F102DE74AD5009DAE77 /* Assets */ = {
			isa = PBXGroup;
			children = (
				3D2C9E242DE5E0A0009DAE77 /* Assets.xcassets */,
				3D2C9E332DE5E388009DAE77 /* Colors.xcassets */,
				3D2C9E352DE5E39A009DAE77 /* Localizable.xcstrings */,
			);
			path = Assets;
			sourceTree = "<group>";
		};
		3D2C9F112DE74AEC009DAE77 /* Fonts */ = {
			isa = PBXGroup;
			children = (
				3DF3254A2DE74BA100F9F3F9 /* Pretendard-Bold.otf */,
				3DF3254D2DE74BA100F9F3F9 /* Pretendard-SemiBold.otf */,
				3DF3254B2DE74BA100F9F3F9 /* Pretendard-Medium.otf */,
				3DF3254C2DE74BA100F9F3F9 /* Pretendard-Regular.otf */,
			);
			path = Fonts;
			sourceTree = "<group>";
		};
		3DF325652DE7FE3D00F9F3F9 /* User */ = {
			isa = PBXGroup;
			children = (
				3DF325FF2DE894A900F9F3F9 /* DTO */,
				3DF3260C2DE895B100F9F3F9 /* UserTargetType.swift */,
				3DF3260E2DE8965600F9F3F9 /* UserAPIService.swift */,
			);
			path = User;
			sourceTree = "<group>";
		};
		3DF325662DE7FE4A00F9F3F9 /* Session */ = {
			isa = PBXGroup;
			children = (
				3DF325FE2DE894A600F9F3F9 /* DTO */,
				3DF326082DE895A400F9F3F9 /* SessionTargetType.swift */,
				3DF3260A2DE895AA00F9F3F9 /* SessionAPIService.swift */,
			);
			path = Session;
			sourceTree = "<group>";
		};
		3DF325672DE7FE5300F9F3F9 /* Note */ = {
			isa = PBXGroup;
			children = (
				3DF325FD2DE894A100F9F3F9 /* DTO */,
				3DF326042DE8956300F9F3F9 /* NoteTargetType.swift */,
				3DF326062DE8959800F9F3F9 /* NoteAPIService.swift */,
			);
			path = Note;
			sourceTree = "<group>";
		};
		3DF325682DE7FE5700F9F3F9 /* Feedback */ = {
			isa = PBXGroup;
			children = (
				3DF325FC2DE8949B00F9F3F9 /* DTO */,
				3DF326002DE8951F00F9F3F9 /* FeedbackTargetType.swift */,
				3DF326022DE8953500F9F3F9 /* FeedbackAPIService.swift */,
			);
			path = Feedback;
			sourceTree = "<group>";
		};
		3DF325FB2DE8948800F9F3F9 /* Base */ = {
			isa = PBXGroup;
			children = (
				3DF3255D2DE7FDD400F9F3F9 /* BaseTargetType.swift */,
				3DF3255F2DE7FDE300F9F3F9 /* BaseAPIService.swift */,
				3DF325612DE7FDF400F9F3F9 /* NetworkResult.swift */,
				3DF325632DE7FDFC00F9F3F9 /* NetworkService.swift */,
				3DF325F72DE893C700F9F3F9 /* MoyaLoggerPlugin.swift */,
				3DF325F92DE8943B00F9F3F9 /* MoyaProvider.swift */,
			);
			path = Base;
			sourceTree = "<group>";
		};
		3DF325FC2DE8949B00F9F3F9 /* DTO */ = {
			isa = PBXGroup;
			children = (
				3DF326102DE9863E00F9F3F9 /* Request */,
				3DF326112DE9864500F9F3F9 /* Response */,
			);
			path = DTO;
			sourceTree = "<group>";
		};
		3DF325FD2DE894A100F9F3F9 /* DTO */ = {
			isa = PBXGroup;
			children = (
				3DF326132DE9866400F9F3F9 /* Request */,
				3DF326122DE9865F00F9F3F9 /* Response */,
			);
			path = DTO;
			sourceTree = "<group>";
		};
		3DF325FE2DE894A600F9F3F9 /* DTO */ = {
			isa = PBXGroup;
			children = (
				3DF326152DE9867800F9F3F9 /* Request */,
				3DF326142DE9867300F9F3F9 /* Response */,
			);
			path = DTO;
			sourceTree = "<group>";
		};
		3DF325FF2DE894A900F9F3F9 /* DTO */ = {
			isa = PBXGroup;
			children = (
				3DF326172DE9867F00F9F3F9 /* Request */,
				3DF326162DE9867C00F9F3F9 /* Response */,
			);
			path = DTO;
			sourceTree = "<group>";
		};
		3DF326102DE9863E00F9F3F9 /* Request */ = {
			isa = PBXGroup;
			children = (
				09F425152DEBC2B500850CDB /* PostStartFeedbackRequsetDTO.swift */,
			);
			path = Request;
			sourceTree = "<group>";
		};
		3DF326112DE9864500F9F3F9 /* Response */ = {
			isa = PBXGroup;
			children = (
				09F425172DEBC2BA00850CDB /* FetchSendFeedbackResponseDTO.swift */,
				09F425182DEBC2BA00850CDB /* PostStartFeedbackResponseDTO.swift */,
			);
			path = Response;
			sourceTree = "<group>";
		};
		3DF326122DE9865F00F9F3F9 /* Response */ = {
			isa = PBXGroup;
			children = (
				09F425212DEBC2CB00850CDB /* DeleteFeedbackNoteResponseDTO.swift */,
				09F425222DEBC2CB00850CDB /* FetchFeedbackNotesResponseDTO.swift */,
				09F425232DEBC2CB00850CDB /* PatchFeedbackNoteFavoriteResponseDTO.swift */,
				09F425242DEBC2CB00850CDB /* PatchFeedbackNoteTitleResponseDTO.swift */,
			);
			path = Response;
			sourceTree = "<group>";
		};
		3DF326132DE9866400F9F3F9 /* Request */ = {
			isa = PBXGroup;
			children = (
				09F4251B2DEBC2C400850CDB /* DeleteFeedbackNoteRequestDTO.swift */,
				09F4251C2DEBC2C400850CDB /* PatchNoteFavoriteRequestDTO.swift */,
				09F4251D2DEBC2C400850CDB /* PatchNoteTitleRequestDTO.swift */,
			);
			path = Request;
			sourceTree = "<group>";
		};
		3DF326142DE9867300F9F3F9 /* Response */ = {
			isa = PBXGroup;
			children = (
				3DF326182DE9871000F9F3F9 /* FetchSendQuestionResponseDTO.swift */,
				3DF3272E2DE9A8DC00F9F3F9 /* PostStartQuestionResponseDTO.swift */,
			);
			path = Response;
			sourceTree = "<group>";
		};
		3DF326152DE9867800F9F3F9 /* Request */ = {
			isa = PBXGroup;
			children = (
				3DF327382DE9AA3F00F9F3F9 /* PostStartQuestionRequestDTO.swift */,
			);
			path = Request;
			sourceTree = "<group>";
		};
		3DF326162DE9867C00F9F3F9 /* Response */ = {
			isa = PBXGroup;
			children = (
				098C976A2DEFD926004388D6 /* FetchMyprofileResponseDTO.swift */,
				098C976C2DEFD933004388D6 /* PostRegisterResponseDTO.swift */,
				098C976E2DEFD93B004388D6 /* FetchFriendsProfileResponseDTO.swift */,
				098C97722DEFD951004388D6 /* PostNewFriendsResponseDTO.swift */,
				098C97702DEFD947004388D6 /* FetchMyFriendsListResponseDTO.swift */,
			);
			path = Response;
			sourceTree = "<group>";
		};
		3DF326172DE9867F00F9F3F9 /* Request */ = {
			isa = PBXGroup;
			children = (
				098C97662DEFD7FC004388D6 /* PostRegisterRequestDTO.swift */,
				098C97682DEFD806004388D6 /* PostNewFriendsRequestDTO.swift */,
			);
			path = Request;
			sourceTree = "<group>";
		};
		3DF327302DE9A98800F9F3F9 /* Notification */ = {
			isa = PBXGroup;
			children = (
				3DF327312DE9A9CB00F9F3F9 /* DTO */,
				3DF327342DE9A9E400F9F3F9 /* NotificationTargetType.swift */,
				3DF327362DE9A9EE00F9F3F9 /* NotificationAPIService.swift */,
			);
			path = Notification;
			sourceTree = "<group>";
		};
		3DF327312DE9A9CB00F9F3F9 /* DTO */ = {
			isa = PBXGroup;
			children = (
				3DF327332DE9A9D700F9F3F9 /* Request */,
				3DF327322DE9A9D200F9F3F9 /* Response */,
			);
			path = DTO;
			sourceTree = "<group>";
		};
		3DF327322DE9A9D200F9F3F9 /* Response */ = {
			isa = PBXGroup;
			children = (
				09F4252B2DEBC2D500850CDB /* PostDeviceTokenResponseDTO.swift */,
			);
			path = Response;
			sourceTree = "<group>";
		};
		3DF327332DE9A9D700F9F3F9 /* Request */ = {
			isa = PBXGroup;
			children = (
				09F425292DEBC2D000850CDB /* PostDeviceTokenRequestDTO.swift */,
			);
			path = Request;
			sourceTree = "<group>";
		};
/* End PBXGroup section */

/* Begin PBXNativeTarget section */
		3D2C9E0F2DE5E031009DAE77 /* EKO-iOS */ = {
			isa = PBXNativeTarget;
			buildConfigurationList = 3D2C9E1F2DE5E032009DAE77 /* Build configuration list for PBXNativeTarget "EKO-iOS" */;
			buildPhases = (
				3D2C9E0C2DE5E031009DAE77 /* Sources */,
				3D2C9E0D2DE5E031009DAE77 /* Frameworks */,
				3D2C9E0E2DE5E031009DAE77 /* Resources */,
				3D2C9F062DE609E6009DAE77 /* ShellScript */,
			);
			buildRules = (
			);
			dependencies = (
			);
			fileSystemSynchronizedGroups = (
				0F49DC812DE741DC007C15C7 /* Utils */,
			);
			name = "EKO-iOS";
			packageProductDependencies = (
				3DF325552DE7FC1000F9F3F9 /* CombineMoya */,
				3DF325572DE7FC1000F9F3F9 /* Moya */,
				3DF325592DE7FC1000F9F3F9 /* ReactiveMoya */,
				3DF3255B2DE7FC1000F9F3F9 /* RxMoya */,
				0F2E82FF2DF136820082B256 /* Lottie */,
			);
			productName = "EKO-iOS";
			productReference = 3D2C9E102DE5E031009DAE77 /* EKO-iOS.app */;
			productType = "com.apple.product-type.application";
		};
/* End PBXNativeTarget section */

/* Begin PBXProject section */
		3D2C9E082DE5E031009DAE77 /* Project object */ = {
			isa = PBXProject;
			attributes = {
				BuildIndependentTargetsInParallel = 1;
				LastSwiftUpdateCheck = 1620;
				LastUpgradeCheck = 1620;
				TargetAttributes = {
					3D2C9E0F2DE5E031009DAE77 = {
						CreatedOnToolsVersion = 16.2;
					};
				};
			};
			buildConfigurationList = 3D2C9E0B2DE5E031009DAE77 /* Build configuration list for PBXProject "EKO-iOS" */;
			developmentRegion = ko;
			hasScannedForEncodings = 0;
			knownRegions = (
				en,
				Base,
				ko,
			);
			mainGroup = 3D2C9E072DE5E031009DAE77;
			minimizedProjectReferenceProxies = 1;
			packageReferences = (
				3DF325542DE7FC1000F9F3F9 /* XCRemoteSwiftPackageReference "Moya" */,
				0F2E82FE2DF136820082B256 /* XCRemoteSwiftPackageReference "lottie-ios" */,
			);
			preferredProjectObjectVersion = 77;
			productRefGroup = 3D2C9E112DE5E031009DAE77 /* Products */;
			projectDirPath = "";
			projectRoot = "";
			targets = (
				3D2C9E0F2DE5E031009DAE77 /* EKO-iOS */,
			);
		};
/* End PBXProject section */

/* Begin PBXResourcesBuildPhase section */
		3D2C9E0E2DE5E031009DAE77 /* Resources */ = {
			isa = PBXResourcesBuildPhase;
			buildActionMask = 2147483647;
			files = (
				3DF3254E2DE74BA100F9F3F9 /* Pretendard-Regular.otf in Resources */,
				3DF3254F2DE74BA100F9F3F9 /* Pretendard-Bold.otf in Resources */,
				3DF325502DE74BA100F9F3F9 /* Pretendard-SemiBold.otf in Resources */,
				3DF325512DE74BA100F9F3F9 /* Pretendard-Medium.otf in Resources */,
				0F2E83072DF1740E0082B256 /* CircleWaveBlue.json in Resources */,
				0FBD487D2DEC2C690042CFE1 /* Config.xcconfig in Resources */,
				3D2C9E342DE5E388009DAE77 /* Colors.xcassets in Resources */,
				3D2C9E292DE5E0A0009DAE77 /* Preview Assets.xcassets in Resources */,
				3D2C9E362DE5E39A009DAE77 /* Localizable.xcstrings in Resources */,
				0F2E83022DF13AAC0082B256 /* CircleWaveOrange.json in Resources */,
				3D2C9E2A2DE5E0A0009DAE77 /* Assets.xcassets in Resources */,
			);
			runOnlyForDeploymentPostprocessing = 0;
		};
/* End PBXResourcesBuildPhase section */

/* Begin PBXShellScriptBuildPhase section */
		3D2C9F062DE609E6009DAE77 /* ShellScript */ = {
			isa = PBXShellScriptBuildPhase;
			alwaysOutOfDate = 1;
			buildActionMask = 2147483647;
			files = (
			);
			inputFileListPaths = (
			);
			inputPaths = (
			);
			outputFileListPaths = (
			);
			outputPaths = (
			);
			runOnlyForDeploymentPostprocessing = 0;
			shellPath = /bin/sh;
			shellScript = "if [ -x /opt/homebrew/bin/swiftlint ]; then\n  /opt/homebrew/bin/swiftlint\nelse\n  echo \"warning: SwiftLint not installed, download from https://github.com/realm/SwiftLint\"\nfi\n";
		};
/* End PBXShellScriptBuildPhase section */

/* Begin PBXSourcesBuildPhase section */
		3D2C9E0C2DE5E031009DAE77 /* Sources */ = {
			isa = PBXSourcesBuildPhase;
			buildActionMask = 2147483647;
			files = (
				3D2C9EE32DE5F916009DAE77 /* RecordingRequestModel.swift in Sources */,
				3D2C9EDE2DE5F74E009DAE77 /* AddFriendViewModel.swift in Sources */,
				3D2C9ED82DE5F6F7009DAE77 /* RecordingResponseViewModel.swift in Sources */,
				3D2C9ED62DE5F6E7009DAE77 /* RecordingRequestViewModel.swift in Sources */,
				09F425192DEBC2BA00850CDB /* FetchSendFeedbackResponseDTO.swift in Sources */,
				09F425252DEBC2CB00850CDB /* PatchFeedbackNoteTitleResponseDTO.swift in Sources */,
				09F425262DEBC2CB00850CDB /* FetchFeedbackNotesResponseDTO.swift in Sources */,
				3D2796162DED3283005D5A1B /* EKOToastMessage.swift in Sources */,
				09F425272DEBC2CB00850CDB /* DeleteFeedbackNoteResponseDTO.swift in Sources */,
				09F425282DEBC2CB00850CDB /* PatchFeedbackNoteFavoriteResponseDTO.swift in Sources */,
				09F4251E2DEBC2C400850CDB /* PatchNoteTitleRequestDTO.swift in Sources */,
				098C976F2DEFD93B004388D6 /* FetchFriendsProfileResponseDTO.swift in Sources */,
				09F4251F2DEBC2C400850CDB /* DeleteFeedbackNoteRequestDTO.swift in Sources */,
				09F425202DEBC2C400850CDB /* PatchNoteFavoriteRequestDTO.swift in Sources */,
				099AD8712DEBEEDC00CC9717 /* RegisterModel.swift in Sources */,
				3D27961B2DED9B13005D5A1B /* EKOToggleIndicator.swift in Sources */,
				098C97712DEFD947004388D6 /* FetchMyFriendsListResponseDTO.swift in Sources */,
				09F4251A2DEBC2BA00850CDB /* PostStartFeedbackResponseDTO.swift in Sources */,
				3D2C9ED42DE5F6A6009DAE77 /* AddFriendView.swift in Sources */,
				3DF3255E2DE7FDD400F9F3F9 /* BaseTargetType.swift in Sources */,
				098C97672DEFD7FC004388D6 /* PostRegisterRequestDTO.swift in Sources */,
				3D27961F2DEDDB86005D5A1B /* EKOEmptyView.swift in Sources */,
				3D2C9EFB2DE5FA4B009DAE77 /* ProfileSubViews.swift in Sources */,
				3D2C9F0C2DE60FCE009DAE77 /* AppCoordinator.swift in Sources */,
				3DF3272F2DE9A8DC00F9F3F9 /* PostStartQuestionResponseDTO.swift in Sources */,
				098C976B2DEFD926004388D6 /* FetchMyprofileResponseDTO.swift in Sources */,
				3D2C9EF42DE5FA08009DAE77 /* LearningNoteModel.swift in Sources */,
				3DF326012DE8951F00F9F3F9 /* FeedbackTargetType.swift in Sources */,
				3D2C9EF22DE5F9D8009DAE77 /* MainView.swift in Sources */,
				3D2C9ED22DE5F69E009DAE77 /* ProfileView.swift in Sources */,
				3D2C9E382DE5F460009DAE77 /* Date+.swift in Sources */,
				3D2C9EF62DE5FA13009DAE77 /* LearningNoteSubViews.swift in Sources */,
				3DF327372DE9A9EE00F9F3F9 /* NotificationAPIService.swift in Sources */,
				3D2796252DEDE815005D5A1B /* Text+.swift in Sources */,
				3D2C9F0A2DE60F75009DAE77 /* AppRoute.swift in Sources */,
				099AD8662DEBD24500CC9717 /* AppDelegate.swift in Sources */,
				3D2C9F042DE5FA85009DAE77 /* AddFriendModel.swift in Sources */,
				3DF3260F2DE8965600F9F3F9 /* UserAPIService.swift in Sources */,
				098C976D2DEFD933004388D6 /* PostRegisterResponseDTO.swift in Sources */,
				3D2C9F022DE5FA7F009DAE77 /* AddFriendSubViews.swift in Sources */,
				3D2C9EE52DE5F926009DAE77 /* RecordingRequestSubView.swift in Sources */,
				3D2C9EEC2DE5F988009DAE77 /* RecordingResponseSubView.swift in Sources */,
				3D27961D2DEDA71B005D5A1B /* EKOButton.swift in Sources */,
				3DF3260D2DE895B100F9F3F9 /* UserTargetType.swift in Sources */,
				3D2C9ED02DE5F696009DAE77 /* RecordingResponseView.swift in Sources */,
				3D2796192DED36CC005D5A1B /* View+.swift in Sources */,
				099AD86F2DEBEEDC00CC9717 /* RegisterSubViews.swift in Sources */,
				3DF327392DE9AA3F00F9F3F9 /* PostStartQuestionRequestDTO.swift in Sources */,
				3D2796212DEDDD1D005D5A1B /* EKOFriendsView.swift in Sources */,
				3D2796232DEDE28A005D5A1B /* EKOTabSelector.swift in Sources */,
				3DF327352DE9A9E400F9F3F9 /* NotificationTargetType.swift in Sources */,
				099AD8702DEBEEDC00CC9717 /* RegisterView.swift in Sources */,
				3D2C9EEA2DE5F96C009DAE77 /* RecordingResponseModel.swift in Sources */,
				3DF326192DE9871000F9F3F9 /* FetchSendQuestionResponseDTO.swift in Sources */,
				3D2C9ECC2DE5F665009DAE77 /* LearningNoteView.swift in Sources */,
				3D2C9ECE2DE5F68A009DAE77 /* RecordingRequestView.swift in Sources */,
				3DF325642DE7FDFC00F9F3F9 /* NetworkService.swift in Sources */,
				3D2C9EDA2DE5F739009DAE77 /* LearningNoteViewModel.swift in Sources */,
				098C97692DEFD806004388D6 /* PostNewFriendsRequestDTO.swift in Sources */,
				3DF326032DE8953500F9F3F9 /* FeedbackAPIService.swift in Sources */,
				3DF326052DE8956300F9F3F9 /* NoteTargetType.swift in Sources */,
				09F4252C2DEBC2D500850CDB /* PostDeviceTokenResponseDTO.swift in Sources */,
				3DF325622DE7FDF400F9F3F9 /* NetworkResult.swift in Sources */,
				09F425162DEBC2B500850CDB /* PostStartFeedbackRequsetDTO.swift in Sources */,
				3DF325532DE74CB300F9F3F9 /* Font+.swift in Sources */,
				3DF326072DE8959800F9F3F9 /* NoteAPIService.swift in Sources */,
				3DF325F82DE893C700F9F3F9 /* MoyaLoggerPlugin.swift in Sources */,
				3DF326092DE895A400F9F3F9 /* SessionTargetType.swift in Sources */,
				3DF325F62DE891A900F9F3F9 /* Config.swift in Sources */,
				3D2C9EFD2DE5FA53009DAE77 /* ProfileModel.swift in Sources */,
				098C97732DEFD951004388D6 /* PostNewFriendsResponseDTO.swift in Sources */,
				3D2C9EDC2DE5F743009DAE77 /* ProfileViewModel.swift in Sources */,
				3DF325FA2DE8943B00F9F3F9 /* MoyaProvider.swift in Sources */,
				3D2C9E2B2DE5E0A0009DAE77 /* ContentView.swift in Sources */,
				09F425342DEBC34D00850CDB /* S3TargetType.swift in Sources */,
				09F425352DEBC34D00850CDB /* FetchS3DownloadURLResposeDTO.swift in Sources */,
				09F425362DEBC34D00850CDB /* S3APIService.swift in Sources */,
				3D2C9F0E2DE61072009DAE77 /* RootNavigationView.swift in Sources */,
				3DF325602DE7FDE300F9F3F9 /* BaseAPIService.swift in Sources */,
				3DF3260B2DE895AA00F9F3F9 /* SessionAPIService.swift in Sources */,
				3D2C9E2C2DE5E0A0009DAE77 /* EKO_iOSApp.swift in Sources */,
				09F4252A2DEBC2D000850CDB /* PostDeviceTokenRequestDTO.swift in Sources */,
				099AD8722DEBEEDC00CC9717 /* RegisterViewModel.swift in Sources */,
			);
			runOnlyForDeploymentPostprocessing = 0;
		};
/* End PBXSourcesBuildPhase section */

/* Begin XCBuildConfiguration section */
		3D2C9E1D2DE5E032009DAE77 /* Debug */ = {
			isa = XCBuildConfiguration;
			baseConfigurationReference = 0FBD487C2DEC2C690042CFE1 /* Config.xcconfig */;
			buildSettings = {
				ALWAYS_SEARCH_USER_PATHS = NO;
				ASSETCATALOG_COMPILER_GENERATE_SWIFT_ASSET_SYMBOL_EXTENSIONS = YES;
				CLANG_ANALYZER_NONNULL = YES;
				CLANG_ANALYZER_NUMBER_OBJECT_CONVERSION = YES_AGGRESSIVE;
				CLANG_CXX_LANGUAGE_STANDARD = "gnu++20";
				CLANG_ENABLE_MODULES = YES;
				CLANG_ENABLE_OBJC_ARC = YES;
				CLANG_ENABLE_OBJC_WEAK = YES;
				CLANG_WARN_BLOCK_CAPTURE_AUTORELEASING = YES;
				CLANG_WARN_BOOL_CONVERSION = YES;
				CLANG_WARN_COMMA = YES;
				CLANG_WARN_CONSTANT_CONVERSION = YES;
				CLANG_WARN_DEPRECATED_OBJC_IMPLEMENTATIONS = YES;
				CLANG_WARN_DIRECT_OBJC_ISA_USAGE = YES_ERROR;
				CLANG_WARN_DOCUMENTATION_COMMENTS = YES;
				CLANG_WARN_EMPTY_BODY = YES;
				CLANG_WARN_ENUM_CONVERSION = YES;
				CLANG_WARN_INFINITE_RECURSION = YES;
				CLANG_WARN_INT_CONVERSION = YES;
				CLANG_WARN_NON_LITERAL_NULL_CONVERSION = YES;
				CLANG_WARN_OBJC_IMPLICIT_RETAIN_SELF = YES;
				CLANG_WARN_OBJC_LITERAL_CONVERSION = YES;
				CLANG_WARN_OBJC_ROOT_CLASS = YES_ERROR;
				CLANG_WARN_QUOTED_INCLUDE_IN_FRAMEWORK_HEADER = YES;
				CLANG_WARN_RANGE_LOOP_ANALYSIS = YES;
				CLANG_WARN_STRICT_PROTOTYPES = YES;
				CLANG_WARN_SUSPICIOUS_MOVE = YES;
				CLANG_WARN_UNGUARDED_AVAILABILITY = YES_AGGRESSIVE;
				CLANG_WARN_UNREACHABLE_CODE = YES;
				CLANG_WARN__DUPLICATE_METHOD_MATCH = YES;
				COPY_PHASE_STRIP = NO;
				DEBUG_INFORMATION_FORMAT = dwarf;
				ENABLE_STRICT_OBJC_MSGSEND = YES;
				ENABLE_TESTABILITY = YES;
				ENABLE_USER_SCRIPT_SANDBOXING = NO;
				GCC_C_LANGUAGE_STANDARD = gnu17;
				GCC_DYNAMIC_NO_PIC = NO;
				GCC_NO_COMMON_BLOCKS = YES;
				GCC_OPTIMIZATION_LEVEL = 0;
				GCC_PREPROCESSOR_DEFINITIONS = (
					"DEBUG=1",
					"$(inherited)",
				);
				GCC_WARN_64_TO_32_BIT_CONVERSION = YES;
				GCC_WARN_ABOUT_RETURN_TYPE = YES_ERROR;
				GCC_WARN_UNDECLARED_SELECTOR = YES;
				GCC_WARN_UNINITIALIZED_AUTOS = YES_AGGRESSIVE;
				GCC_WARN_UNUSED_FUNCTION = YES;
				GCC_WARN_UNUSED_VARIABLE = YES;
				LOCALIZATION_PREFERS_STRING_CATALOGS = YES;
				MTL_ENABLE_DEBUG_INFO = INCLUDE_SOURCE;
				MTL_FAST_MATH = YES;
				ONLY_ACTIVE_ARCH = YES;
				SWIFT_ACTIVE_COMPILATION_CONDITIONS = "DEBUG $(inherited)";
				SWIFT_EMIT_LOC_STRINGS = YES;
				SWIFT_OPTIMIZATION_LEVEL = "-Onone";
			};
			name = Debug;
		};
		3D2C9E1E2DE5E032009DAE77 /* Release */ = {
			isa = XCBuildConfiguration;
			baseConfigurationReference = 0FBD487C2DEC2C690042CFE1 /* Config.xcconfig */;
			buildSettings = {
				ALWAYS_SEARCH_USER_PATHS = NO;
				ASSETCATALOG_COMPILER_GENERATE_SWIFT_ASSET_SYMBOL_EXTENSIONS = YES;
				CLANG_ANALYZER_NONNULL = YES;
				CLANG_ANALYZER_NUMBER_OBJECT_CONVERSION = YES_AGGRESSIVE;
				CLANG_CXX_LANGUAGE_STANDARD = "gnu++20";
				CLANG_ENABLE_MODULES = YES;
				CLANG_ENABLE_OBJC_ARC = YES;
				CLANG_ENABLE_OBJC_WEAK = YES;
				CLANG_WARN_BLOCK_CAPTURE_AUTORELEASING = YES;
				CLANG_WARN_BOOL_CONVERSION = YES;
				CLANG_WARN_COMMA = YES;
				CLANG_WARN_CONSTANT_CONVERSION = YES;
				CLANG_WARN_DEPRECATED_OBJC_IMPLEMENTATIONS = YES;
				CLANG_WARN_DIRECT_OBJC_ISA_USAGE = YES_ERROR;
				CLANG_WARN_DOCUMENTATION_COMMENTS = YES;
				CLANG_WARN_EMPTY_BODY = YES;
				CLANG_WARN_ENUM_CONVERSION = YES;
				CLANG_WARN_INFINITE_RECURSION = YES;
				CLANG_WARN_INT_CONVERSION = YES;
				CLANG_WARN_NON_LITERAL_NULL_CONVERSION = YES;
				CLANG_WARN_OBJC_IMPLICIT_RETAIN_SELF = YES;
				CLANG_WARN_OBJC_LITERAL_CONVERSION = YES;
				CLANG_WARN_OBJC_ROOT_CLASS = YES_ERROR;
				CLANG_WARN_QUOTED_INCLUDE_IN_FRAMEWORK_HEADER = YES;
				CLANG_WARN_RANGE_LOOP_ANALYSIS = YES;
				CLANG_WARN_STRICT_PROTOTYPES = YES;
				CLANG_WARN_SUSPICIOUS_MOVE = YES;
				CLANG_WARN_UNGUARDED_AVAILABILITY = YES_AGGRESSIVE;
				CLANG_WARN_UNREACHABLE_CODE = YES;
				CLANG_WARN__DUPLICATE_METHOD_MATCH = YES;
				COPY_PHASE_STRIP = NO;
				DEBUG_INFORMATION_FORMAT = "dwarf-with-dsym";
				ENABLE_NS_ASSERTIONS = NO;
				ENABLE_STRICT_OBJC_MSGSEND = YES;
				ENABLE_USER_SCRIPT_SANDBOXING = NO;
				GCC_C_LANGUAGE_STANDARD = gnu17;
				GCC_NO_COMMON_BLOCKS = YES;
				GCC_WARN_64_TO_32_BIT_CONVERSION = YES;
				GCC_WARN_ABOUT_RETURN_TYPE = YES_ERROR;
				GCC_WARN_UNDECLARED_SELECTOR = YES;
				GCC_WARN_UNINITIALIZED_AUTOS = YES_AGGRESSIVE;
				GCC_WARN_UNUSED_FUNCTION = YES;
				GCC_WARN_UNUSED_VARIABLE = YES;
				LOCALIZATION_PREFERS_STRING_CATALOGS = YES;
				MTL_ENABLE_DEBUG_INFO = NO;
				MTL_FAST_MATH = YES;
				SWIFT_COMPILATION_MODE = wholemodule;
				SWIFT_EMIT_LOC_STRINGS = YES;
			};
			name = Release;
		};
		3D2C9E202DE5E032009DAE77 /* Debug */ = {
			isa = XCBuildConfiguration;
			baseConfigurationReference = 0FBD487C2DEC2C690042CFE1 /* Config.xcconfig */;
			buildSettings = {
				ASSETCATALOG_COMPILER_APPICON_NAME = AppIcon;
				ASSETCATALOG_COMPILER_GLOBAL_ACCENT_COLOR_NAME = AccentColor;
				CODE_SIGN_ENTITLEMENTS = "EKO-iOS/EKO_iOS.entitlements";
				CODE_SIGN_IDENTITY = "Apple Development";
				CODE_SIGN_STYLE = Automatic;
				CURRENT_PROJECT_VERSION = 1;
				DEVELOPMENT_ASSET_PATHS = "\"EKO-iOS/Preview Content\"";
				DEVELOPMENT_TEAM = R9WPZ5669L;
				ENABLE_HARDENED_RUNTIME = YES;
				ENABLE_PREVIEWS = YES;
				GENERATE_INFOPLIST_FILE = YES;
				INFOPLIST_FILE = "EKO-iOS/Core/Supporting Files/Info.plist";
				INFOPLIST_KEY_NSMicrophoneUsageDescription = "<key>NSMicrophoneUsageDescription</key>\n<string>이 앱은 음성 녹음을 위해 마이크 접근이 필요합니다.</string>";
				"INFOPLIST_KEY_UIApplicationSceneManifest_Generation[sdk=iphoneos*]" = YES;
				"INFOPLIST_KEY_UIApplicationSceneManifest_Generation[sdk=iphonesimulator*]" = YES;
				"INFOPLIST_KEY_UIApplicationSupportsIndirectInputEvents[sdk=iphoneos*]" = YES;
				"INFOPLIST_KEY_UIApplicationSupportsIndirectInputEvents[sdk=iphonesimulator*]" = YES;
				"INFOPLIST_KEY_UILaunchScreen_Generation[sdk=iphoneos*]" = YES;
				"INFOPLIST_KEY_UILaunchScreen_Generation[sdk=iphonesimulator*]" = YES;
				"INFOPLIST_KEY_UIStatusBarStyle[sdk=iphoneos*]" = UIStatusBarStyleDefault;
				"INFOPLIST_KEY_UIStatusBarStyle[sdk=iphonesimulator*]" = UIStatusBarStyleDefault;
				INFOPLIST_KEY_UISupportedInterfaceOrientations_iPad = "UIInterfaceOrientationPortrait UIInterfaceOrientationPortraitUpsideDown UIInterfaceOrientationLandscapeLeft UIInterfaceOrientationLandscapeRight";
				INFOPLIST_KEY_UISupportedInterfaceOrientations_iPhone = "UIInterfaceOrientationPortrait UIInterfaceOrientationLandscapeLeft UIInterfaceOrientationLandscapeRight";
				IPHONEOS_DEPLOYMENT_TARGET = 18.2;
				LD_RUNPATH_SEARCH_PATHS = "@executable_path/Frameworks";
				"LD_RUNPATH_SEARCH_PATHS[sdk=macosx*]" = "@executable_path/../Frameworks";
				MACOSX_DEPLOYMENT_TARGET = 15.2;
				MARKETING_VERSION = 1.0;
				PRODUCT_BUNDLE_IDENTIFIER = "Team.TwoUs.EKO-iOS.EKO-iOS";
				PRODUCT_NAME = "$(TARGET_NAME)";
				PROVISIONING_PROFILE_SPECIFIER = "";
				SDKROOT = auto;
				SUPPORTED_PLATFORMS = "iphoneos iphonesimulator macosx xros xrsimulator";
				SWIFT_EMIT_LOC_STRINGS = YES;
				SWIFT_VERSION = 5.0;
				TARGETED_DEVICE_FAMILY = "1,2,7";
				XROS_DEPLOYMENT_TARGET = 2.2;
			};
			name = Debug;
		};
		3D2C9E212DE5E032009DAE77 /* Release */ = {
			isa = XCBuildConfiguration;
			baseConfigurationReference = 0FBD487C2DEC2C690042CFE1 /* Config.xcconfig */;
			buildSettings = {
				ASSETCATALOG_COMPILER_APPICON_NAME = AppIcon;
				ASSETCATALOG_COMPILER_GLOBAL_ACCENT_COLOR_NAME = AccentColor;
				CODE_SIGN_ENTITLEMENTS = "EKO-iOS/EKO_iOS.entitlements";
				CODE_SIGN_IDENTITY = "Apple Development";
				CODE_SIGN_STYLE = Automatic;
				CURRENT_PROJECT_VERSION = 1;
				DEVELOPMENT_ASSET_PATHS = "\"EKO-iOS/Preview Content\"";
				DEVELOPMENT_TEAM = R9WPZ5669L;
				ENABLE_HARDENED_RUNTIME = YES;
				ENABLE_PREVIEWS = YES;
				GENERATE_INFOPLIST_FILE = YES;
				INFOPLIST_FILE = "EKO-iOS/Core/Supporting Files/Info.plist";
				INFOPLIST_KEY_NSMicrophoneUsageDescription = "<key>NSMicrophoneUsageDescription</key>\n<string>이 앱은 음성 녹음을 위해 마이크 접근이 필요합니다.</string>";
				"INFOPLIST_KEY_UIApplicationSceneManifest_Generation[sdk=iphoneos*]" = YES;
				"INFOPLIST_KEY_UIApplicationSceneManifest_Generation[sdk=iphonesimulator*]" = YES;
				"INFOPLIST_KEY_UIApplicationSupportsIndirectInputEvents[sdk=iphoneos*]" = YES;
				"INFOPLIST_KEY_UIApplicationSupportsIndirectInputEvents[sdk=iphonesimulator*]" = YES;
				"INFOPLIST_KEY_UILaunchScreen_Generation[sdk=iphoneos*]" = YES;
				"INFOPLIST_KEY_UILaunchScreen_Generation[sdk=iphonesimulator*]" = YES;
				"INFOPLIST_KEY_UIStatusBarStyle[sdk=iphoneos*]" = UIStatusBarStyleDefault;
				"INFOPLIST_KEY_UIStatusBarStyle[sdk=iphonesimulator*]" = UIStatusBarStyleDefault;
				INFOPLIST_KEY_UISupportedInterfaceOrientations_iPad = "UIInterfaceOrientationPortrait UIInterfaceOrientationPortraitUpsideDown UIInterfaceOrientationLandscapeLeft UIInterfaceOrientationLandscapeRight";
				INFOPLIST_KEY_UISupportedInterfaceOrientations_iPhone = "UIInterfaceOrientationPortrait UIInterfaceOrientationLandscapeLeft UIInterfaceOrientationLandscapeRight";
				IPHONEOS_DEPLOYMENT_TARGET = 18.2;
				LD_RUNPATH_SEARCH_PATHS = "@executable_path/Frameworks";
				"LD_RUNPATH_SEARCH_PATHS[sdk=macosx*]" = "@executable_path/../Frameworks";
				MACOSX_DEPLOYMENT_TARGET = 15.2;
				MARKETING_VERSION = 1.0;
				PRODUCT_BUNDLE_IDENTIFIER = "Team.TwoUs.EKO-iOS.EKO-iOS";
				PRODUCT_NAME = "$(TARGET_NAME)";
				PROVISIONING_PROFILE_SPECIFIER = "";
				SDKROOT = auto;
				SUPPORTED_PLATFORMS = "iphoneos iphonesimulator macosx xros xrsimulator";
				SWIFT_EMIT_LOC_STRINGS = YES;
				SWIFT_VERSION = 5.0;
				TARGETED_DEVICE_FAMILY = "1,2,7";
				XROS_DEPLOYMENT_TARGET = 2.2;
			};
			name = Release;
		};
/* End XCBuildConfiguration section */

/* Begin XCConfigurationList section */
		3D2C9E0B2DE5E031009DAE77 /* Build configuration list for PBXProject "EKO-iOS" */ = {
			isa = XCConfigurationList;
			buildConfigurations = (
				3D2C9E1D2DE5E032009DAE77 /* Debug */,
				3D2C9E1E2DE5E032009DAE77 /* Release */,
			);
			defaultConfigurationIsVisible = 0;
			defaultConfigurationName = Release;
		};
		3D2C9E1F2DE5E032009DAE77 /* Build configuration list for PBXNativeTarget "EKO-iOS" */ = {
			isa = XCConfigurationList;
			buildConfigurations = (
				3D2C9E202DE5E032009DAE77 /* Debug */,
				3D2C9E212DE5E032009DAE77 /* Release */,
			);
			defaultConfigurationIsVisible = 0;
			defaultConfigurationName = Release;
		};
/* End XCConfigurationList section */

/* Begin XCRemoteSwiftPackageReference section */
		0F2E82FE2DF136820082B256 /* XCRemoteSwiftPackageReference "lottie-ios" */ = {
			isa = XCRemoteSwiftPackageReference;
			repositoryURL = "https://github.com/airbnb/lottie-ios";
			requirement = {
				kind = upToNextMajorVersion;
				minimumVersion = 4.5.2;
			};
		};
		3DF325542DE7FC1000F9F3F9 /* XCRemoteSwiftPackageReference "Moya" */ = {
			isa = XCRemoteSwiftPackageReference;
			repositoryURL = "https://github.com/Moya/Moya.git";
			requirement = {
				kind = upToNextMajorVersion;
				minimumVersion = 15.0.3;
			};
		};
/* End XCRemoteSwiftPackageReference section */

/* Begin XCSwiftPackageProductDependency section */
		0F2E82FF2DF136820082B256 /* Lottie */ = {
			isa = XCSwiftPackageProductDependency;
			package = 0F2E82FE2DF136820082B256 /* XCRemoteSwiftPackageReference "lottie-ios" */;
			productName = Lottie;
		};
		3DF325552DE7FC1000F9F3F9 /* CombineMoya */ = {
			isa = XCSwiftPackageProductDependency;
			package = 3DF325542DE7FC1000F9F3F9 /* XCRemoteSwiftPackageReference "Moya" */;
			productName = CombineMoya;
		};
		3DF325572DE7FC1000F9F3F9 /* Moya */ = {
			isa = XCSwiftPackageProductDependency;
			package = 3DF325542DE7FC1000F9F3F9 /* XCRemoteSwiftPackageReference "Moya" */;
			productName = Moya;
		};
		3DF325592DE7FC1000F9F3F9 /* ReactiveMoya */ = {
			isa = XCSwiftPackageProductDependency;
			package = 3DF325542DE7FC1000F9F3F9 /* XCRemoteSwiftPackageReference "Moya" */;
			productName = ReactiveMoya;
		};
		3DF3255B2DE7FC1000F9F3F9 /* RxMoya */ = {
			isa = XCSwiftPackageProductDependency;
			package = 3DF325542DE7FC1000F9F3F9 /* XCRemoteSwiftPackageReference "Moya" */;
			productName = RxMoya;
		};
/* End XCSwiftPackageProductDependency section */
	};
	rootObject = 3D2C9E082DE5E031009DAE77 /* Project object */;
}
